// !$*UTF8*$!
{
	archiveVersion = 1;
	classes = {
	};
	objectVersion = 46;
	objects = {

/* Begin PBXBuildFile section */
		550A6A091CE50066001D298C /* main.m in Sources */ = {isa = PBXBuildFile; fileRef = 550A6A081CE50066001D298C /* main.m */; };
		550A6A0C1CE50066001D298C /* AppDelegate.m in Sources */ = {isa = PBXBuildFile; fileRef = 550A6A0B1CE50066001D298C /* AppDelegate.m */; };
		550A6A201CE50236001D298C /* Assets.xcassets in Resources */ = {isa = PBXBuildFile; fileRef = 550A6A1F1CE50236001D298C /* Assets.xcassets */; };
		550A6ADB1CE503A2001D298C /* CGGeometry+SAPExtensions.m in Sources */ = {isa = PBXBuildFile; fileRef = 550A6A261CE503A1001D298C /* CGGeometry+SAPExtensions.m */; };
		550A6ADC1CE503A2001D298C /* NSManagedObject+SAPExtensions.m in Sources */ = {isa = PBXBuildFile; fileRef = 550A6A2A1CE503A1001D298C /* NSManagedObject+SAPExtensions.m */; };
		550A6ADD1CE503A2001D298C /* NSArray+SAPJSONArray.m in Sources */ = {isa = PBXBuildFile; fileRef = 550A6A301CE503A1001D298C /* NSArray+SAPJSONArray.m */; };
		550A6ADE1CE503A2001D298C /* NSDictionary+SAPJSONDictionary.m in Sources */ = {isa = PBXBuildFile; fileRef = 550A6A331CE503A1001D298C /* NSDictionary+SAPJSONDictionary.m */; };
		550A6ADF1CE503A2001D298C /* NSNull+SAPJSONNull.m in Sources */ = {isa = PBXBuildFile; fileRef = 550A6A361CE503A1001D298C /* NSNull+SAPJSONNull.m */; };
		550A6AE01CE503A2001D298C /* NSNumber+SAPJSONNumber.m in Sources */ = {isa = PBXBuildFile; fileRef = 550A6A391CE503A1001D298C /* NSNumber+SAPJSONNumber.m */; };
		550A6AE11CE503A2001D298C /* NSObject+SAPJSONObject.m in Sources */ = {isa = PBXBuildFile; fileRef = 550A6A3C1CE503A1001D298C /* NSObject+SAPJSONObject.m */; };
		550A6AE21CE503A2001D298C /* NSString+SAPJSONString.m in Sources */ = {isa = PBXBuildFile; fileRef = 550A6A411CE503A1001D298C /* NSString+SAPJSONString.m */; };
		550A6AE31CE503A2001D298C /* NSURL+SAPJSONURL.m in Sources */ = {isa = PBXBuildFile; fileRef = 550A6A441CE503A1001D298C /* NSURL+SAPJSONURL.m */; };
		550A6AE41CE503A2001D298C /* NSFilemanager+SAPExtensions.m in Sources */ = {isa = PBXBuildFile; fileRef = 550A6A471CE503A1001D298C /* NSFilemanager+SAPExtensions.m */; };
		550A6AE51CE503A2001D298C /* NSIndexPath+SAPExtensions.m in Sources */ = {isa = PBXBuildFile; fileRef = 550A6A4A1CE503A1001D298C /* NSIndexPath+SAPExtensions.m */; };
		550A6AE61CE503A2001D298C /* NSNumber+SAPExtentions.m in Sources */ = {isa = PBXBuildFile; fileRef = 550A6A4D1CE503A1001D298C /* NSNumber+SAPExtentions.m */; };
		550A6AE71CE503A2001D298C /* NSObject+SAPAssociatedObjects.m in Sources */ = {isa = PBXBuildFile; fileRef = 550A6A511CE503A1001D298C /* NSObject+SAPAssociatedObjects.m */; };
		550A6AE81CE503A2001D298C /* NSObject+SAPExtensions.m in Sources */ = {isa = PBXBuildFile; fileRef = 550A6A541CE503A1001D298C /* NSObject+SAPExtensions.m */; };
		550A6AE91CE503A2001D298C /* NSPathUtilities+SAPExtensions.m in Sources */ = {isa = PBXBuildFile; fileRef = 550A6A571CE503A1001D298C /* NSPathUtilities+SAPExtensions.m */; };
		550A6AEA1CE503A2001D298C /* NSString+IOPRandomName.m in Sources */ = {isa = PBXBuildFile; fileRef = 550A6A5B1CE503A1001D298C /* NSString+IOPRandomName.m */; };
		550A6AEB1CE503A2001D298C /* NSString+SAPExtensions.m in Sources */ = {isa = PBXBuildFile; fileRef = 550A6A5E1CE503A1001D298C /* NSString+SAPExtensions.m */; };
		550A6AEC1CE503A2001D298C /* NSURL+SAPExtensions.m in Sources */ = {isa = PBXBuildFile; fileRef = 550A6A611CE503A1001D298C /* NSURL+SAPExtensions.m */; };
		550A6AEE1CE503A2001D298C /* UINib+SAPExtensions.m in Sources */ = {isa = PBXBuildFile; fileRef = 550A6A671CE503A1001D298C /* UINib+SAPExtensions.m */; };
		550A6AEF1CE503A2001D298C /* UITableView+SAPExtensions.m in Sources */ = {isa = PBXBuildFile; fileRef = 550A6A6A1CE503A1001D298C /* UITableView+SAPExtensions.m */; };
		550A6AF01CE503A2001D298C /* UIWindow+SAPExtensions.m in Sources */ = {isa = PBXBuildFile; fileRef = 550A6A6D1CE503A1001D298C /* UIWindow+SAPExtensions.m */; };
		550A6AF11CE503A2001D298C /* SAPContext.m in Sources */ = {isa = PBXBuildFile; fileRef = 550A6A721CE503A1001D298C /* SAPContext.m */; };
		550A6AF21CE503A2001D298C /* SAPCoreDataArrayModel.m in Sources */ = {isa = PBXBuildFile; fileRef = 550A6A771CE503A1001D298C /* SAPCoreDataArrayModel.m */; };
		550A6AF31CE503A2001D298C /* SAPCoreDataController.m in Sources */ = {isa = PBXBuildFile; fileRef = 550A6A7A1CE503A1001D298C /* SAPCoreDataController.m */; };
		550A6AF41CE503A2001D298C /* SAPIdentifiableManagedObject.m in Sources */ = {isa = PBXBuildFile; fileRef = 550A6A7E1CE503A1001D298C /* SAPIdentifiableManagedObject.m */; };
		550A6AF51CE503A2001D298C /* SAPManagedObject.m in Sources */ = {isa = PBXBuildFile; fileRef = 550A6A801CE503A1001D298C /* SAPManagedObject.m */; };
		550A6AF61CE503A2001D298C /* SAPCollectionChangeDoubleIndexModel +UITableView.m in Sources */ = {isa = PBXBuildFile; fileRef = 550A6A851CE503A1001D298C /* SAPCollectionChangeDoubleIndexModel +UITableView.m */; };
		550A6AF71CE503A2001D298C /* SAPCollectionChangeDoubleIndexModel.m in Sources */ = {isa = PBXBuildFile; fileRef = 550A6A881CE503A1001D298C /* SAPCollectionChangeDoubleIndexModel.m */; };
		550A6AF81CE503A2001D298C /* SAPCollectionChangeIndexModel+UITableView.m in Sources */ = {isa = PBXBuildFile; fileRef = 550A6A8B1CE503A1001D298C /* SAPCollectionChangeIndexModel+UITableView.m */; };
		550A6AF91CE503A2001D298C /* SAPCollectionChangeIndexModel.m in Sources */ = {isa = PBXBuildFile; fileRef = 550A6A8D1CE503A1001D298C /* SAPCollectionChangeIndexModel.m */; };
		550A6AFA1CE503A2001D298C /* SAPArrayModel.m in Sources */ = {isa = PBXBuildFile; fileRef = 550A6A8F1CE503A1001D298C /* SAPArrayModel.m */; };
		550A6AFB1CE503A2001D298C /* SAPCollectionChangeModel+SAPArrayModel.m in Sources */ = {isa = PBXBuildFile; fileRef = 550A6A911CE503A1001D298C /* SAPCollectionChangeModel+SAPArrayModel.m */; };
		550A6AFC1CE503A2001D298C /* SAPCollectionChangeModel+UITableView.m in Sources */ = {isa = PBXBuildFile; fileRef = 550A6A941CE503A1001D298C /* SAPCollectionChangeModel+UITableView.m */; };
		550A6AFD1CE503A2001D298C /* SAPCollectionChangeModel.m in Sources */ = {isa = PBXBuildFile; fileRef = 550A6A961CE503A1001D298C /* SAPCollectionChangeModel.m */; };
		550A6AFE1CE503A2001D298C /* UITableView+SAPCollectionChangeModel.m in Sources */ = {isa = PBXBuildFile; fileRef = 550A6A991CE503A1001D298C /* UITableView+SAPCollectionChangeModel.m */; };
		550A6AFF1CE503A2001D298C /* SAPImageModel.m in Sources */ = {isa = PBXBuildFile; fileRef = 550A6A9C1CE503A1001D298C /* SAPImageModel.m */; };
		550A6B001CE503A2001D298C /* SAPModel.m in Sources */ = {isa = PBXBuildFile; fileRef = 550A6AA01CE503A1001D298C /* SAPModel.m */; };
		550A6B011CE503A2001D298C /* SAPNumberGeneratorArray.m in Sources */ = {isa = PBXBuildFile; fileRef = 550A6AA51CE503A1001D298C /* SAPNumberGeneratorArray.m */; };
		550A6B021CE503A2001D298C /* SAPObjectCache.m in Sources */ = {isa = PBXBuildFile; fileRef = 550A6AA81CE503A1001D298C /* SAPObjectCache.m */; };
		550A6B031CE503A2001D298C /* SAPObservableObject.m in Sources */ = {isa = PBXBuildFile; fileRef = 550A6AAB1CE503A1001D298C /* SAPObservableObject.m */; };
		550A6B041CE503A2001D298C /* SAPAssignReference.m in Sources */ = {isa = PBXBuildFile; fileRef = 550A6AB01CE503A1001D298C /* SAPAssignReference.m */; };
		550A6B051CE503A2001D298C /* SAPReference.m in Sources */ = {isa = PBXBuildFile; fileRef = 550A6AB21CE503A1001D298C /* SAPReference.m */; };
		550A6B061CE503A2001D298C /* SAPArrayViewController.m in Sources */ = {isa = PBXBuildFile; fileRef = 550A6AB61CE503A1001D298C /* SAPArrayViewController.m */; };
		550A6B071CE503A2001D298C /* SAPViewController.m in Sources */ = {isa = PBXBuildFile; fileRef = 550A6AB91CE503A1001D298C /* SAPViewController.m */; };
		550A6B081CE503A2001D298C /* SAPActivityIndicator.m in Sources */ = {isa = PBXBuildFile; fileRef = 550A6ABD1CE503A1001D298C /* SAPActivityIndicator.m */; };
		550A6B091CE503A2001D298C /* SAPActivityIndicator.xib in Resources */ = {isa = PBXBuildFile; fileRef = 550A6ABE1CE503A1001D298C /* SAPActivityIndicator.xib */; };
		550A6B0A1CE503A2001D298C /* SAPImageView.m in Sources */ = {isa = PBXBuildFile; fileRef = 550A6AC11CE503A2001D298C /* SAPImageView.m */; };
		550A6B0B1CE503A2001D298C /* SAPTableViewCell.m in Sources */ = {isa = PBXBuildFile; fileRef = 550A6AC41CE503A2001D298C /* SAPTableViewCell.m */; };
		550A6B0C1CE503A2001D298C /* SAPView.m in Sources */ = {isa = PBXBuildFile; fileRef = 550A6AC81CE503A2001D298C /* SAPView.m */; };
		550A6B0D1CE503A2001D298C /* SAPDispatch.m in Sources */ = {isa = PBXBuildFile; fileRef = 550A6ACC1CE503A2001D298C /* SAPDispatch.m */; };
		550A6B0E1CE503A2001D298C /* SAPSetters.m in Sources */ = {isa = PBXBuildFile; fileRef = 550A6ACF1CE503A2001D298C /* SAPSetters.m */; };
		550A6B1A1CE50895001D298C /* SAPActivitiesViewController.m in Sources */ = {isa = PBXBuildFile; fileRef = 550A6B181CE50895001D298C /* SAPActivitiesViewController.m */; };
		550A6B1B1CE50895001D298C /* SAPActivitiesViewController.xib in Resources */ = {isa = PBXBuildFile; fileRef = 550A6B191CE50895001D298C /* SAPActivitiesViewController.xib */; };
		550A6B211CE50AA1001D298C /* ToDoList.xcdatamodeld in Sources */ = {isa = PBXBuildFile; fileRef = 550A6B1F1CE50AA1001D298C /* ToDoList.xcdatamodeld */; };
		550A6B251CE50AE2001D298C /* SAPActivityViewController.m in Sources */ = {isa = PBXBuildFile; fileRef = 550A6B231CE50AE2001D298C /* SAPActivityViewController.m */; };
		550A6B261CE50AE2001D298C /* SAPActivityViewController.xib in Resources */ = {isa = PBXBuildFile; fileRef = 550A6B241CE50AE2001D298C /* SAPActivityViewController.xib */; };
		550A6B331CE520B4001D298C /* SAPActivities.m in Sources */ = {isa = PBXBuildFile; fileRef = 550A6B321CE520B4001D298C /* SAPActivities.m */; };
		55EA685F1CE6687500642CC9 /* UIAlertController+SAPExtensions.m in Sources */ = {isa = PBXBuildFile; fileRef = 55EA685E1CE6687500642CC9 /* UIAlertController+SAPExtensions.m */; };
		55EA68681CE672F400642CC9 /* SAPActivity.m in Sources */ = {isa = PBXBuildFile; fileRef = 55EA68671CE672F400642CC9 /* SAPActivity.m */; };
		55EA688C1CE6925A00642CC9 /* SAPActivityView.m in Sources */ = {isa = PBXBuildFile; fileRef = 55EA687F1CE6925900642CC9 /* SAPActivityView.m */; };
		55EA688D1CE6925A00642CC9 /* SAPDateCell.m in Sources */ = {isa = PBXBuildFile; fileRef = 55EA68821CE6925A00642CC9 /* SAPDateCell.m */; };
		55EA688E1CE6925A00642CC9 /* SAPDateCell.xib in Resources */ = {isa = PBXBuildFile; fileRef = 55EA68831CE6925A00642CC9 /* SAPDateCell.xib */; };
		55EA688F1CE6925A00642CC9 /* SAPNoteCell.m in Sources */ = {isa = PBXBuildFile; fileRef = 55EA68861CE6925A00642CC9 /* SAPNoteCell.m */; };
		55EA68901CE6925A00642CC9 /* SAPNoteCell.xib in Resources */ = {isa = PBXBuildFile; fileRef = 55EA68871CE6925A00642CC9 /* SAPNoteCell.xib */; };
		55EA68911CE6925A00642CC9 /* SAPTypeCell.m in Sources */ = {isa = PBXBuildFile; fileRef = 55EA688A1CE6925A00642CC9 /* SAPTypeCell.m */; };
		55EA68921CE6925A00642CC9 /* SAPTypeCell.xib in Resources */ = {isa = PBXBuildFile; fileRef = 55EA688B1CE6925A00642CC9 /* SAPTypeCell.xib */; };
		55F19C2E1CE5B15100F54D2D /* SAPActivitiesView.m in Sources */ = {isa = PBXBuildFile; fileRef = 55F19C2C1CE5B15100F54D2D /* SAPActivitiesView.m */; };
		55F19C371CE5B1D400F54D2D /* SAPActivityCell.m in Sources */ = {isa = PBXBuildFile; fileRef = 55F19C351CE5B1D400F54D2D /* SAPActivityCell.m */; };
		55F19C381CE5B1D400F54D2D /* SAPActivityCell.xib in Resources */ = {isa = PBXBuildFile; fileRef = 55F19C361CE5B1D400F54D2D /* SAPActivityCell.xib */; };
/* End PBXBuildFile section */

/* Begin PBXFileReference section */
		550A6A041CE50066001D298C /* ToDoList.app */ = {isa = PBXFileReference; explicitFileType = wrapper.application; includeInIndex = 0; path = ToDoList.app; sourceTree = BUILT_PRODUCTS_DIR; };
		550A6A081CE50066001D298C /* main.m */ = {isa = PBXFileReference; lastKnownFileType = sourcecode.c.objc; path = main.m; sourceTree = "<group>"; };
		550A6A0A1CE50066001D298C /* AppDelegate.h */ = {isa = PBXFileReference; lastKnownFileType = sourcecode.c.h; path = AppDelegate.h; sourceTree = "<group>"; };
		550A6A0B1CE50066001D298C /* AppDelegate.m */ = {isa = PBXFileReference; lastKnownFileType = sourcecode.c.objc; path = AppDelegate.m; sourceTree = "<group>"; };
		550A6A181CE50066001D298C /* Info.plist */ = {isa = PBXFileReference; lastKnownFileType = text.plist.xml; path = Info.plist; sourceTree = "<group>"; };
		550A6A1F1CE50236001D298C /* Assets.xcassets */ = {isa = PBXFileReference; lastKnownFileType = folder.assetcatalog; path = Assets.xcassets; sourceTree = "<group>"; };
		550A6A251CE503A1001D298C /* CGGeometry+SAPExtensions.h */ = {isa = PBXFileReference; fileEncoding = 4; lastKnownFileType = sourcecode.c.h; path = "CGGeometry+SAPExtensions.h"; sourceTree = "<group>"; };
		550A6A261CE503A1001D298C /* CGGeometry+SAPExtensions.m */ = {isa = PBXFileReference; fileEncoding = 4; lastKnownFileType = sourcecode.c.objc; path = "CGGeometry+SAPExtensions.m"; sourceTree = "<group>"; };
		550A6A291CE503A1001D298C /* NSManagedObject+SAPExtensions.h */ = {isa = PBXFileReference; fileEncoding = 4; lastKnownFileType = sourcecode.c.h; path = "NSManagedObject+SAPExtensions.h"; sourceTree = "<group>"; };
		550A6A2A1CE503A1001D298C /* NSManagedObject+SAPExtensions.m */ = {isa = PBXFileReference; fileEncoding = 4; lastKnownFileType = sourcecode.c.objc; path = "NSManagedObject+SAPExtensions.m"; sourceTree = "<group>"; };
		550A6A2F1CE503A1001D298C /* NSArray+SAPJSONArray.h */ = {isa = PBXFileReference; fileEncoding = 4; lastKnownFileType = sourcecode.c.h; path = "NSArray+SAPJSONArray.h"; sourceTree = "<group>"; };
		550A6A301CE503A1001D298C /* NSArray+SAPJSONArray.m */ = {isa = PBXFileReference; fileEncoding = 4; lastKnownFileType = sourcecode.c.objc; path = "NSArray+SAPJSONArray.m"; sourceTree = "<group>"; };
		550A6A321CE503A1001D298C /* NSDictionary+SAPJSONDictionary.h */ = {isa = PBXFileReference; fileEncoding = 4; lastKnownFileType = sourcecode.c.h; path = "NSDictionary+SAPJSONDictionary.h"; sourceTree = "<group>"; };
		550A6A331CE503A1001D298C /* NSDictionary+SAPJSONDictionary.m */ = {isa = PBXFileReference; fileEncoding = 4; lastKnownFileType = sourcecode.c.objc; path = "NSDictionary+SAPJSONDictionary.m"; sourceTree = "<group>"; };
		550A6A351CE503A1001D298C /* NSNull+SAPJSONNull.h */ = {isa = PBXFileReference; fileEncoding = 4; lastKnownFileType = sourcecode.c.h; path = "NSNull+SAPJSONNull.h"; sourceTree = "<group>"; };
		550A6A361CE503A1001D298C /* NSNull+SAPJSONNull.m */ = {isa = PBXFileReference; fileEncoding = 4; lastKnownFileType = sourcecode.c.objc; path = "NSNull+SAPJSONNull.m"; sourceTree = "<group>"; };
		550A6A381CE503A1001D298C /* NSNumber+SAPJSONNumber.h */ = {isa = PBXFileReference; fileEncoding = 4; lastKnownFileType = sourcecode.c.h; path = "NSNumber+SAPJSONNumber.h"; sourceTree = "<group>"; };
		550A6A391CE503A1001D298C /* NSNumber+SAPJSONNumber.m */ = {isa = PBXFileReference; fileEncoding = 4; lastKnownFileType = sourcecode.c.objc; path = "NSNumber+SAPJSONNumber.m"; sourceTree = "<group>"; };
		550A6A3B1CE503A1001D298C /* NSObject+SAPJSONObject.h */ = {isa = PBXFileReference; fileEncoding = 4; lastKnownFileType = sourcecode.c.h; path = "NSObject+SAPJSONObject.h"; sourceTree = "<group>"; };
		550A6A3C1CE503A1001D298C /* NSObject+SAPJSONObject.m */ = {isa = PBXFileReference; fileEncoding = 4; lastKnownFileType = sourcecode.c.objc; path = "NSObject+SAPJSONObject.m"; sourceTree = "<group>"; };
		550A6A3D1CE503A1001D298C /* SAPJSONRepresentation.h */ = {isa = PBXFileReference; fileEncoding = 4; lastKnownFileType = sourcecode.c.h; path = SAPJSONRepresentation.h; sourceTree = "<group>"; };
		550A6A3E1CE503A1001D298C /* SAPJSONRepresentationImports.h */ = {isa = PBXFileReference; fileEncoding = 4; lastKnownFileType = sourcecode.c.h; path = SAPJSONRepresentationImports.h; sourceTree = "<group>"; };
		550A6A401CE503A1001D298C /* NSString+SAPJSONString.h */ = {isa = PBXFileReference; fileEncoding = 4; lastKnownFileType = sourcecode.c.h; path = "NSString+SAPJSONString.h"; sourceTree = "<group>"; };
		550A6A411CE503A1001D298C /* NSString+SAPJSONString.m */ = {isa = PBXFileReference; fileEncoding = 4; lastKnownFileType = sourcecode.c.objc; path = "NSString+SAPJSONString.m"; sourceTree = "<group>"; };
		550A6A431CE503A1001D298C /* NSURL+SAPJSONURL.h */ = {isa = PBXFileReference; fileEncoding = 4; lastKnownFileType = sourcecode.c.h; path = "NSURL+SAPJSONURL.h"; sourceTree = "<group>"; };
		550A6A441CE503A1001D298C /* NSURL+SAPJSONURL.m */ = {isa = PBXFileReference; fileEncoding = 4; lastKnownFileType = sourcecode.c.objc; path = "NSURL+SAPJSONURL.m"; sourceTree = "<group>"; };
		550A6A461CE503A1001D298C /* NSFileManager+SAPExtensions.h */ = {isa = PBXFileReference; fileEncoding = 4; lastKnownFileType = sourcecode.c.h; path = "NSFileManager+SAPExtensions.h"; sourceTree = "<group>"; };
		550A6A471CE503A1001D298C /* NSFilemanager+SAPExtensions.m */ = {isa = PBXFileReference; fileEncoding = 4; lastKnownFileType = sourcecode.c.objc; path = "NSFilemanager+SAPExtensions.m"; sourceTree = "<group>"; };
		550A6A491CE503A1001D298C /* NSIndexPath+SAPExtensions.h */ = {isa = PBXFileReference; fileEncoding = 4; lastKnownFileType = sourcecode.c.h; path = "NSIndexPath+SAPExtensions.h"; sourceTree = "<group>"; };
		550A6A4A1CE503A1001D298C /* NSIndexPath+SAPExtensions.m */ = {isa = PBXFileReference; fileEncoding = 4; lastKnownFileType = sourcecode.c.objc; path = "NSIndexPath+SAPExtensions.m"; sourceTree = "<group>"; };
		550A6A4C1CE503A1001D298C /* NSNumber+SAPExtentions.h */ = {isa = PBXFileReference; fileEncoding = 4; lastKnownFileType = sourcecode.c.h; path = "NSNumber+SAPExtentions.h"; sourceTree = "<group>"; };
		550A6A4D1CE503A1001D298C /* NSNumber+SAPExtentions.m */ = {isa = PBXFileReference; fileEncoding = 4; lastKnownFileType = sourcecode.c.objc; path = "NSNumber+SAPExtentions.m"; sourceTree = "<group>"; };
		550A6A501CE503A1001D298C /* NSObject+SAPAssociatedObjects.h */ = {isa = PBXFileReference; fileEncoding = 4; lastKnownFileType = sourcecode.c.h; path = "NSObject+SAPAssociatedObjects.h"; sourceTree = "<group>"; };
		550A6A511CE503A1001D298C /* NSObject+SAPAssociatedObjects.m */ = {isa = PBXFileReference; fileEncoding = 4; lastKnownFileType = sourcecode.c.objc; path = "NSObject+SAPAssociatedObjects.m"; sourceTree = "<group>"; };
		550A6A531CE503A1001D298C /* NSObject+SAPExtensions.h */ = {isa = PBXFileReference; fileEncoding = 4; lastKnownFileType = sourcecode.c.h; path = "NSObject+SAPExtensions.h"; sourceTree = "<group>"; };
		550A6A541CE503A1001D298C /* NSObject+SAPExtensions.m */ = {isa = PBXFileReference; fileEncoding = 4; lastKnownFileType = sourcecode.c.objc; path = "NSObject+SAPExtensions.m"; sourceTree = "<group>"; };
		550A6A561CE503A1001D298C /* NSPathUtilities+SAPExtensions.h */ = {isa = PBXFileReference; fileEncoding = 4; lastKnownFileType = sourcecode.c.h; path = "NSPathUtilities+SAPExtensions.h"; sourceTree = "<group>"; };
		550A6A571CE503A1001D298C /* NSPathUtilities+SAPExtensions.m */ = {isa = PBXFileReference; fileEncoding = 4; lastKnownFileType = sourcecode.c.objc; path = "NSPathUtilities+SAPExtensions.m"; sourceTree = "<group>"; };
		550A6A5A1CE503A1001D298C /* NSString+IOPRandomName.h */ = {isa = PBXFileReference; fileEncoding = 4; lastKnownFileType = sourcecode.c.h; path = "NSString+IOPRandomName.h"; sourceTree = "<group>"; };
		550A6A5B1CE503A1001D298C /* NSString+IOPRandomName.m */ = {isa = PBXFileReference; fileEncoding = 4; lastKnownFileType = sourcecode.c.objc; path = "NSString+IOPRandomName.m"; sourceTree = "<group>"; };
		550A6A5D1CE503A1001D298C /* NSString+SAPExtensions.h */ = {isa = PBXFileReference; fileEncoding = 4; lastKnownFileType = sourcecode.c.h; path = "NSString+SAPExtensions.h"; sourceTree = "<group>"; };
		550A6A5E1CE503A1001D298C /* NSString+SAPExtensions.m */ = {isa = PBXFileReference; fileEncoding = 4; lastKnownFileType = sourcecode.c.objc; path = "NSString+SAPExtensions.m"; sourceTree = "<group>"; };
		550A6A601CE503A1001D298C /* NSURL+SAPExtensions.h */ = {isa = PBXFileReference; fileEncoding = 4; lastKnownFileType = sourcecode.c.h; path = "NSURL+SAPExtensions.h"; sourceTree = "<group>"; };
		550A6A611CE503A1001D298C /* NSURL+SAPExtensions.m */ = {isa = PBXFileReference; fileEncoding = 4; lastKnownFileType = sourcecode.c.objc; path = "NSURL+SAPExtensions.m"; sourceTree = "<group>"; };
		550A6A661CE503A1001D298C /* UINib+SAPExtensions.h */ = {isa = PBXFileReference; fileEncoding = 4; lastKnownFileType = sourcecode.c.h; path = "UINib+SAPExtensions.h"; sourceTree = "<group>"; };
		550A6A671CE503A1001D298C /* UINib+SAPExtensions.m */ = {isa = PBXFileReference; fileEncoding = 4; lastKnownFileType = sourcecode.c.objc; path = "UINib+SAPExtensions.m"; sourceTree = "<group>"; };
		550A6A691CE503A1001D298C /* UITableView+SAPExtensions.h */ = {isa = PBXFileReference; fileEncoding = 4; lastKnownFileType = sourcecode.c.h; path = "UITableView+SAPExtensions.h"; sourceTree = "<group>"; };
		550A6A6A1CE503A1001D298C /* UITableView+SAPExtensions.m */ = {isa = PBXFileReference; fileEncoding = 4; lastKnownFileType = sourcecode.c.objc; path = "UITableView+SAPExtensions.m"; sourceTree = "<group>"; };
		550A6A6C1CE503A1001D298C /* UIWindow+SAPExtensions.h */ = {isa = PBXFileReference; fileEncoding = 4; lastKnownFileType = sourcecode.c.h; path = "UIWindow+SAPExtensions.h"; sourceTree = "<group>"; };
		550A6A6D1CE503A1001D298C /* UIWindow+SAPExtensions.m */ = {isa = PBXFileReference; fileEncoding = 4; lastKnownFileType = sourcecode.c.objc; path = "UIWindow+SAPExtensions.m"; sourceTree = "<group>"; };
		550A6A711CE503A1001D298C /* SAPContext.h */ = {isa = PBXFileReference; fileEncoding = 4; lastKnownFileType = sourcecode.c.h; path = SAPContext.h; sourceTree = "<group>"; };
		550A6A721CE503A1001D298C /* SAPContext.m */ = {isa = PBXFileReference; fileEncoding = 4; lastKnownFileType = sourcecode.c.objc; path = SAPContext.m; sourceTree = "<group>"; };
		550A6A761CE503A1001D298C /* SAPCoreDataArrayModel.h */ = {isa = PBXFileReference; fileEncoding = 4; lastKnownFileType = sourcecode.c.h; path = SAPCoreDataArrayModel.h; sourceTree = "<group>"; };
		550A6A771CE503A1001D298C /* SAPCoreDataArrayModel.m */ = {isa = PBXFileReference; fileEncoding = 4; lastKnownFileType = sourcecode.c.objc; path = SAPCoreDataArrayModel.m; sourceTree = "<group>"; };
		550A6A791CE503A1001D298C /* SAPCoreDataController.h */ = {isa = PBXFileReference; fileEncoding = 4; lastKnownFileType = sourcecode.c.h; path = SAPCoreDataController.h; sourceTree = "<group>"; };
		550A6A7A1CE503A1001D298C /* SAPCoreDataController.m */ = {isa = PBXFileReference; fileEncoding = 4; lastKnownFileType = sourcecode.c.objc; path = SAPCoreDataController.m; sourceTree = "<group>"; };
		550A6A7D1CE503A1001D298C /* SAPIdentifiableManagedObject.h */ = {isa = PBXFileReference; fileEncoding = 4; lastKnownFileType = sourcecode.c.h; path = SAPIdentifiableManagedObject.h; sourceTree = "<group>"; };
		550A6A7E1CE503A1001D298C /* SAPIdentifiableManagedObject.m */ = {isa = PBXFileReference; fileEncoding = 4; lastKnownFileType = sourcecode.c.objc; path = SAPIdentifiableManagedObject.m; sourceTree = "<group>"; };
		550A6A7F1CE503A1001D298C /* SAPManagedObject.h */ = {isa = PBXFileReference; fileEncoding = 4; lastKnownFileType = sourcecode.c.h; path = SAPManagedObject.h; sourceTree = "<group>"; };
		550A6A801CE503A1001D298C /* SAPManagedObject.m */ = {isa = PBXFileReference; fileEncoding = 4; lastKnownFileType = sourcecode.c.objc; path = SAPManagedObject.m; sourceTree = "<group>"; };
		550A6A851CE503A1001D298C /* SAPCollectionChangeDoubleIndexModel +UITableView.m */ = {isa = PBXFileReference; fileEncoding = 4; lastKnownFileType = sourcecode.c.objc; path = "SAPCollectionChangeDoubleIndexModel +UITableView.m"; sourceTree = "<group>"; };
		550A6A861CE503A1001D298C /* SAPCollectionChangeDoubleIndexModel+UITableView.h */ = {isa = PBXFileReference; fileEncoding = 4; lastKnownFileType = sourcecode.c.h; path = "SAPCollectionChangeDoubleIndexModel+UITableView.h"; sourceTree = "<group>"; };
		550A6A871CE503A1001D298C /* SAPCollectionChangeDoubleIndexModel.h */ = {isa = PBXFileReference; fileEncoding = 4; lastKnownFileType = sourcecode.c.h; path = SAPCollectionChangeDoubleIndexModel.h; sourceTree = "<group>"; };
		550A6A881CE503A1001D298C /* SAPCollectionChangeDoubleIndexModel.m */ = {isa = PBXFileReference; fileEncoding = 4; lastKnownFileType = sourcecode.c.objc; path = SAPCollectionChangeDoubleIndexModel.m; sourceTree = "<group>"; };
		550A6A8A1CE503A1001D298C /* SAPCollectionChangeIndexModel+UITableView.h */ = {isa = PBXFileReference; fileEncoding = 4; lastKnownFileType = sourcecode.c.h; path = "SAPCollectionChangeIndexModel+UITableView.h"; sourceTree = "<group>"; };
		550A6A8B1CE503A1001D298C /* SAPCollectionChangeIndexModel+UITableView.m */ = {isa = PBXFileReference; fileEncoding = 4; lastKnownFileType = sourcecode.c.objc; path = "SAPCollectionChangeIndexModel+UITableView.m"; sourceTree = "<group>"; };
		550A6A8C1CE503A1001D298C /* SAPCollectionChangeIndexModel.h */ = {isa = PBXFileReference; fileEncoding = 4; lastKnownFileType = sourcecode.c.h; path = SAPCollectionChangeIndexModel.h; sourceTree = "<group>"; };
		550A6A8D1CE503A1001D298C /* SAPCollectionChangeIndexModel.m */ = {isa = PBXFileReference; fileEncoding = 4; lastKnownFileType = sourcecode.c.objc; path = SAPCollectionChangeIndexModel.m; sourceTree = "<group>"; };
		550A6A8E1CE503A1001D298C /* SAPArrayModel.h */ = {isa = PBXFileReference; fileEncoding = 4; lastKnownFileType = sourcecode.c.h; path = SAPArrayModel.h; sourceTree = "<group>"; };
		550A6A8F1CE503A1001D298C /* SAPArrayModel.m */ = {isa = PBXFileReference; fileEncoding = 4; lastKnownFileType = sourcecode.c.objc; path = SAPArrayModel.m; sourceTree = "<group>"; };
		550A6A901CE503A1001D298C /* SAPCollectionChangeModel+SAPArrayModel.h */ = {isa = PBXFileReference; fileEncoding = 4; lastKnownFileType = sourcecode.c.h; path = "SAPCollectionChangeModel+SAPArrayModel.h"; sourceTree = "<group>"; };
		550A6A911CE503A1001D298C /* SAPCollectionChangeModel+SAPArrayModel.m */ = {isa = PBXFileReference; fileEncoding = 4; lastKnownFileType = sourcecode.c.objc; path = "SAPCollectionChangeModel+SAPArrayModel.m"; sourceTree = "<group>"; };
		550A6A931CE503A1001D298C /* SAPCollectionChangeModel+UITableView.h */ = {isa = PBXFileReference; fileEncoding = 4; lastKnownFileType = sourcecode.c.h; path = "SAPCollectionChangeModel+UITableView.h"; sourceTree = "<group>"; };
		550A6A941CE503A1001D298C /* SAPCollectionChangeModel+UITableView.m */ = {isa = PBXFileReference; fileEncoding = 4; lastKnownFileType = sourcecode.c.objc; path = "SAPCollectionChangeModel+UITableView.m"; sourceTree = "<group>"; };
		550A6A951CE503A1001D298C /* SAPCollectionChangeModel.h */ = {isa = PBXFileReference; fileEncoding = 4; lastKnownFileType = sourcecode.c.h; path = SAPCollectionChangeModel.h; sourceTree = "<group>"; };
		550A6A961CE503A1001D298C /* SAPCollectionChangeModel.m */ = {isa = PBXFileReference; fileEncoding = 4; lastKnownFileType = sourcecode.c.objc; path = SAPCollectionChangeModel.m; sourceTree = "<group>"; };
		550A6A971CE503A1001D298C /* SAPCollectionObserver.h */ = {isa = PBXFileReference; fileEncoding = 4; lastKnownFileType = sourcecode.c.h; path = SAPCollectionObserver.h; sourceTree = "<group>"; };
		550A6A981CE503A1001D298C /* UITableView+SAPCollectionChangeModel.h */ = {isa = PBXFileReference; fileEncoding = 4; lastKnownFileType = sourcecode.c.h; path = "UITableView+SAPCollectionChangeModel.h"; sourceTree = "<group>"; };
		550A6A991CE503A1001D298C /* UITableView+SAPCollectionChangeModel.m */ = {isa = PBXFileReference; fileEncoding = 4; lastKnownFileType = sourcecode.c.objc; path = "UITableView+SAPCollectionChangeModel.m"; sourceTree = "<group>"; };
		550A6A9B1CE503A1001D298C /* SAPImageModel.h */ = {isa = PBXFileReference; fileEncoding = 4; lastKnownFileType = sourcecode.c.h; path = SAPImageModel.h; sourceTree = "<group>"; };
		550A6A9C1CE503A1001D298C /* SAPImageModel.m */ = {isa = PBXFileReference; fileEncoding = 4; lastKnownFileType = sourcecode.c.objc; path = SAPImageModel.m; sourceTree = "<group>"; };
		550A6A9E1CE503A1001D298C /* SAPCacheableModel.h */ = {isa = PBXFileReference; fileEncoding = 4; lastKnownFileType = sourcecode.c.h; path = SAPCacheableModel.h; sourceTree = "<group>"; };
		550A6A9F1CE503A1001D298C /* SAPModel.h */ = {isa = PBXFileReference; fileEncoding = 4; lastKnownFileType = sourcecode.c.h; path = SAPModel.h; sourceTree = "<group>"; };
		550A6AA01CE503A1001D298C /* SAPModel.m */ = {isa = PBXFileReference; fileEncoding = 4; lastKnownFileType = sourcecode.c.objc; path = SAPModel.m; sourceTree = "<group>"; };
		550A6AA11CE503A1001D298C /* SAPModelObserver.h */ = {isa = PBXFileReference; fileEncoding = 4; lastKnownFileType = sourcecode.c.h; path = SAPModelObserver.h; sourceTree = "<group>"; };
		550A6AA21CE503A1001D298C /* SAPModelProtocol.h */ = {isa = PBXFileReference; fileEncoding = 4; lastKnownFileType = sourcecode.c.h; path = SAPModelProtocol.h; sourceTree = "<group>"; };
		550A6AA41CE503A1001D298C /* SAPNumberGeneratorArray.h */ = {isa = PBXFileReference; fileEncoding = 4; lastKnownFileType = sourcecode.c.h; path = SAPNumberGeneratorArray.h; sourceTree = "<group>"; };
		550A6AA51CE503A1001D298C /* SAPNumberGeneratorArray.m */ = {isa = PBXFileReference; fileEncoding = 4; lastKnownFileType = sourcecode.c.objc; path = SAPNumberGeneratorArray.m; sourceTree = "<group>"; };
		550A6AA71CE503A1001D298C /* SAPObjectCache.h */ = {isa = PBXFileReference; fileEncoding = 4; lastKnownFileType = sourcecode.c.h; path = SAPObjectCache.h; sourceTree = "<group>"; };
		550A6AA81CE503A1001D298C /* SAPObjectCache.m */ = {isa = PBXFileReference; fileEncoding = 4; lastKnownFileType = sourcecode.c.objc; path = SAPObjectCache.m; sourceTree = "<group>"; };
		550A6AAA1CE503A1001D298C /* SAPObservableObject.h */ = {isa = PBXFileReference; fileEncoding = 4; lastKnownFileType = sourcecode.c.h; path = SAPObservableObject.h; sourceTree = "<group>"; };
		550A6AAB1CE503A1001D298C /* SAPObservableObject.m */ = {isa = PBXFileReference; fileEncoding = 4; lastKnownFileType = sourcecode.c.objc; path = SAPObservableObject.m; sourceTree = "<group>"; };
		550A6AAC1CE503A1001D298C /* SAPObservableObjectProtocol.h */ = {isa = PBXFileReference; fileEncoding = 4; lastKnownFileType = sourcecode.c.h; path = SAPObservableObjectProtocol.h; sourceTree = "<group>"; };
		550A6AAF1CE503A1001D298C /* SAPAssignReference.h */ = {isa = PBXFileReference; fileEncoding = 4; lastKnownFileType = sourcecode.c.h; path = SAPAssignReference.h; sourceTree = "<group>"; };
		550A6AB01CE503A1001D298C /* SAPAssignReference.m */ = {isa = PBXFileReference; fileEncoding = 4; lastKnownFileType = sourcecode.c.objc; path = SAPAssignReference.m; sourceTree = "<group>"; };
		550A6AB11CE503A1001D298C /* SAPReference.h */ = {isa = PBXFileReference; fileEncoding = 4; lastKnownFileType = sourcecode.c.h; path = SAPReference.h; sourceTree = "<group>"; };
		550A6AB21CE503A1001D298C /* SAPReference.m */ = {isa = PBXFileReference; fileEncoding = 4; lastKnownFileType = sourcecode.c.objc; path = SAPReference.m; sourceTree = "<group>"; };
		550A6AB51CE503A1001D298C /* SAPArrayViewController.h */ = {isa = PBXFileReference; fileEncoding = 4; lastKnownFileType = sourcecode.c.h; path = SAPArrayViewController.h; sourceTree = "<group>"; };
		550A6AB61CE503A1001D298C /* SAPArrayViewController.m */ = {isa = PBXFileReference; fileEncoding = 4; lastKnownFileType = sourcecode.c.objc; path = SAPArrayViewController.m; sourceTree = "<group>"; };
		550A6AB81CE503A1001D298C /* SAPViewController.h */ = {isa = PBXFileReference; fileEncoding = 4; lastKnownFileType = sourcecode.c.h; path = SAPViewController.h; sourceTree = "<group>"; };
		550A6AB91CE503A1001D298C /* SAPViewController.m */ = {isa = PBXFileReference; fileEncoding = 4; lastKnownFileType = sourcecode.c.objc; path = SAPViewController.m; sourceTree = "<group>"; };
		550A6ABC1CE503A1001D298C /* SAPActivityIndicator.h */ = {isa = PBXFileReference; fileEncoding = 4; lastKnownFileType = sourcecode.c.h; path = SAPActivityIndicator.h; sourceTree = "<group>"; };
		550A6ABD1CE503A1001D298C /* SAPActivityIndicator.m */ = {isa = PBXFileReference; fileEncoding = 4; lastKnownFileType = sourcecode.c.objc; path = SAPActivityIndicator.m; sourceTree = "<group>"; };
		550A6ABE1CE503A1001D298C /* SAPActivityIndicator.xib */ = {isa = PBXFileReference; fileEncoding = 4; lastKnownFileType = file.xib; path = SAPActivityIndicator.xib; sourceTree = "<group>"; };
		550A6AC01CE503A2001D298C /* SAPImageView.h */ = {isa = PBXFileReference; fileEncoding = 4; lastKnownFileType = sourcecode.c.h; path = SAPImageView.h; sourceTree = "<group>"; };
		550A6AC11CE503A2001D298C /* SAPImageView.m */ = {isa = PBXFileReference; fileEncoding = 4; lastKnownFileType = sourcecode.c.objc; path = SAPImageView.m; sourceTree = "<group>"; };
		550A6AC31CE503A2001D298C /* SAPTableViewCell.h */ = {isa = PBXFileReference; fileEncoding = 4; lastKnownFileType = sourcecode.c.h; path = SAPTableViewCell.h; sourceTree = "<group>"; };
		550A6AC41CE503A2001D298C /* SAPTableViewCell.m */ = {isa = PBXFileReference; fileEncoding = 4; lastKnownFileType = sourcecode.c.objc; path = SAPTableViewCell.m; sourceTree = "<group>"; };
		550A6AC61CE503A2001D298C /* SAPLoadingView.h */ = {isa = PBXFileReference; fileEncoding = 4; lastKnownFileType = sourcecode.c.h; path = SAPLoadingView.h; sourceTree = "<group>"; };
		550A6AC71CE503A2001D298C /* SAPView.h */ = {isa = PBXFileReference; fileEncoding = 4; lastKnownFileType = sourcecode.c.h; path = SAPView.h; sourceTree = "<group>"; };
		550A6AC81CE503A2001D298C /* SAPView.m */ = {isa = PBXFileReference; fileEncoding = 4; lastKnownFileType = sourcecode.c.objc; path = SAPView.m; sourceTree = "<group>"; };
		550A6ACB1CE503A2001D298C /* SAPDispatch.h */ = {isa = PBXFileReference; fileEncoding = 4; lastKnownFileType = sourcecode.c.h; path = SAPDispatch.h; sourceTree = "<group>"; };
		550A6ACC1CE503A2001D298C /* SAPDispatch.m */ = {isa = PBXFileReference; fileEncoding = 4; lastKnownFileType = sourcecode.c.objc; path = SAPDispatch.m; sourceTree = "<group>"; };
		550A6ACE1CE503A2001D298C /* SAPSetters.h */ = {isa = PBXFileReference; fileEncoding = 4; lastKnownFileType = sourcecode.c.h; path = SAPSetters.h; sourceTree = "<group>"; };
		550A6ACF1CE503A2001D298C /* SAPSetters.m */ = {isa = PBXFileReference; fileEncoding = 4; lastKnownFileType = sourcecode.c.objc; path = SAPSetters.m; sourceTree = "<group>"; };
		550A6AD11CE503A2001D298C /* SAPClangMacro.h */ = {isa = PBXFileReference; fileEncoding = 4; lastKnownFileType = sourcecode.c.h; path = SAPClangMacro.h; sourceTree = "<group>"; };
		550A6AD21CE503A2001D298C /* SAPContextSetterMacro.h */ = {isa = PBXFileReference; fileEncoding = 4; lastKnownFileType = sourcecode.c.h; path = SAPContextSetterMacro.h; sourceTree = "<group>"; };
		550A6AD31CE503A2001D298C /* SAPDispatchOnceMacro.h */ = {isa = PBXFileReference; fileEncoding = 4; lastKnownFileType = sourcecode.c.h; path = SAPDispatchOnceMacro.h; sourceTree = "<group>"; };
		550A6AD41CE503A2001D298C /* SAPNilToNSNullMacro.h */ = {isa = PBXFileReference; fileEncoding = 4; lastKnownFileType = sourcecode.c.h; path = SAPNilToNSNullMacro.h; sourceTree = "<group>"; };
		550A6AD51CE503A2001D298C /* SAPOwnershipMacro.h */ = {isa = PBXFileReference; fileEncoding = 4; lastKnownFileType = sourcecode.c.h; path = SAPOwnershipMacro.h; sourceTree = "<group>"; };
		550A6AD61CE503A2001D298C /* SAPViewControllerMacro.h */ = {isa = PBXFileReference; fileEncoding = 4; lastKnownFileType = sourcecode.c.h; path = SAPViewControllerMacro.h; sourceTree = "<group>"; };
		550A6AD81CE503A2001D298C /* SAPModelView.h */ = {isa = PBXFileReference; fileEncoding = 4; lastKnownFileType = sourcecode.c.h; path = SAPModelView.h; sourceTree = "<group>"; };
		550A6B171CE50895001D298C /* SAPActivitiesViewController.h */ = {isa = PBXFileReference; fileEncoding = 4; lastKnownFileType = sourcecode.c.h; path = SAPActivitiesViewController.h; sourceTree = "<group>"; };
		550A6B181CE50895001D298C /* SAPActivitiesViewController.m */ = {isa = PBXFileReference; fileEncoding = 4; lastKnownFileType = sourcecode.c.objc; path = SAPActivitiesViewController.m; sourceTree = "<group>"; };
		550A6B191CE50895001D298C /* SAPActivitiesViewController.xib */ = {isa = PBXFileReference; fileEncoding = 4; lastKnownFileType = file.xib; path = SAPActivitiesViewController.xib; sourceTree = "<group>"; };
		550A6B201CE50AA1001D298C /* ToDoList.xcdatamodel */ = {isa = PBXFileReference; lastKnownFileType = wrapper.xcdatamodel; path = ToDoList.xcdatamodel; sourceTree = "<group>"; };
		550A6B221CE50AE2001D298C /* SAPActivityViewController.h */ = {isa = PBXFileReference; fileEncoding = 4; lastKnownFileType = sourcecode.c.h; path = SAPActivityViewController.h; sourceTree = "<group>"; };
		550A6B231CE50AE2001D298C /* SAPActivityViewController.m */ = {isa = PBXFileReference; fileEncoding = 4; lastKnownFileType = sourcecode.c.objc; path = SAPActivityViewController.m; sourceTree = "<group>"; };
		550A6B241CE50AE2001D298C /* SAPActivityViewController.xib */ = {isa = PBXFileReference; fileEncoding = 4; lastKnownFileType = file.xib; path = SAPActivityViewController.xib; sourceTree = "<group>"; };
		550A6B311CE520B4001D298C /* SAPActivities.h */ = {isa = PBXFileReference; fileEncoding = 4; lastKnownFileType = sourcecode.c.h; path = SAPActivities.h; sourceTree = "<group>"; };
		550A6B321CE520B4001D298C /* SAPActivities.m */ = {isa = PBXFileReference; fileEncoding = 4; lastKnownFileType = sourcecode.c.objc; path = SAPActivities.m; sourceTree = "<group>"; };
		55EA685D1CE6687500642CC9 /* UIAlertController+SAPExtensions.h */ = {isa = PBXFileReference; fileEncoding = 4; lastKnownFileType = sourcecode.c.h; path = "UIAlertController+SAPExtensions.h"; sourceTree = "<group>"; };
		55EA685E1CE6687500642CC9 /* UIAlertController+SAPExtensions.m */ = {isa = PBXFileReference; fileEncoding = 4; lastKnownFileType = sourcecode.c.objc; path = "UIAlertController+SAPExtensions.m"; sourceTree = "<group>"; };
		55EA68661CE672F400642CC9 /* SAPActivity.h */ = {isa = PBXFileReference; fileEncoding = 4; lastKnownFileType = sourcecode.c.h; path = SAPActivity.h; sourceTree = "<group>"; };
		55EA68671CE672F400642CC9 /* SAPActivity.m */ = {isa = PBXFileReference; fileEncoding = 4; lastKnownFileType = sourcecode.c.objc; path = SAPActivity.m; sourceTree = "<group>"; };
		55EA687E1CE6925900642CC9 /* SAPActivityView.h */ = {isa = PBXFileReference; fileEncoding = 4; lastKnownFileType = sourcecode.c.h; path = SAPActivityView.h; sourceTree = "<group>"; };
		55EA687F1CE6925900642CC9 /* SAPActivityView.m */ = {isa = PBXFileReference; fileEncoding = 4; lastKnownFileType = sourcecode.c.objc; path = SAPActivityView.m; sourceTree = "<group>"; };
		55EA68811CE6925A00642CC9 /* SAPDateCell.h */ = {isa = PBXFileReference; fileEncoding = 4; lastKnownFileType = sourcecode.c.h; path = SAPDateCell.h; sourceTree = "<group>"; };
		55EA68821CE6925A00642CC9 /* SAPDateCell.m */ = {isa = PBXFileReference; fileEncoding = 4; lastKnownFileType = sourcecode.c.objc; path = SAPDateCell.m; sourceTree = "<group>"; };
		55EA68831CE6925A00642CC9 /* SAPDateCell.xib */ = {isa = PBXFileReference; fileEncoding = 4; lastKnownFileType = file.xib; path = SAPDateCell.xib; sourceTree = "<group>"; };
		55EA68851CE6925A00642CC9 /* SAPNoteCell.h */ = {isa = PBXFileReference; fileEncoding = 4; lastKnownFileType = sourcecode.c.h; path = SAPNoteCell.h; sourceTree = "<group>"; };
		55EA68861CE6925A00642CC9 /* SAPNoteCell.m */ = {isa = PBXFileReference; fileEncoding = 4; lastKnownFileType = sourcecode.c.objc; path = SAPNoteCell.m; sourceTree = "<group>"; };
		55EA68871CE6925A00642CC9 /* SAPNoteCell.xib */ = {isa = PBXFileReference; fileEncoding = 4; lastKnownFileType = file.xib; path = SAPNoteCell.xib; sourceTree = "<group>"; };
		55EA68891CE6925A00642CC9 /* SAPTypeCell.h */ = {isa = PBXFileReference; fileEncoding = 4; lastKnownFileType = sourcecode.c.h; path = SAPTypeCell.h; sourceTree = "<group>"; };
		55EA688A1CE6925A00642CC9 /* SAPTypeCell.m */ = {isa = PBXFileReference; fileEncoding = 4; lastKnownFileType = sourcecode.c.objc; path = SAPTypeCell.m; sourceTree = "<group>"; };
		55EA688B1CE6925A00642CC9 /* SAPTypeCell.xib */ = {isa = PBXFileReference; fileEncoding = 4; lastKnownFileType = file.xib; path = SAPTypeCell.xib; sourceTree = "<group>"; };
		55F19C2B1CE5B15100F54D2D /* SAPActivitiesView.h */ = {isa = PBXFileReference; fileEncoding = 4; lastKnownFileType = sourcecode.c.h; path = SAPActivitiesView.h; sourceTree = "<group>"; };
		55F19C2C1CE5B15100F54D2D /* SAPActivitiesView.m */ = {isa = PBXFileReference; fileEncoding = 4; lastKnownFileType = sourcecode.c.objc; path = SAPActivitiesView.m; sourceTree = "<group>"; };
		55F19C341CE5B1D400F54D2D /* SAPActivityCell.h */ = {isa = PBXFileReference; fileEncoding = 4; lastKnownFileType = sourcecode.c.h; path = SAPActivityCell.h; sourceTree = "<group>"; };
		55F19C351CE5B1D400F54D2D /* SAPActivityCell.m */ = {isa = PBXFileReference; fileEncoding = 4; lastKnownFileType = sourcecode.c.objc; path = SAPActivityCell.m; sourceTree = "<group>"; };
		55F19C361CE5B1D400F54D2D /* SAPActivityCell.xib */ = {isa = PBXFileReference; fileEncoding = 4; lastKnownFileType = file.xib; path = SAPActivityCell.xib; sourceTree = "<group>"; };
/* End PBXFileReference section */

/* Begin PBXFrameworksBuildPhase section */
		550A6A011CE50066001D298C /* Frameworks */ = {
			isa = PBXFrameworksBuildPhase;
			buildActionMask = 2147483647;
			files = (
			);
			runOnlyForDeploymentPostprocessing = 0;
		};
/* End PBXFrameworksBuildPhase section */

/* Begin PBXGroup section */
		550A69FB1CE50066001D298C = {
			isa = PBXGroup;
			children = (
				550A6A061CE50066001D298C /* ToDoList */,
				550A6A211CE50241001D298C /* Source */,
				550A6A1E1CE50236001D298C /* Resources */,
				550A6A051CE50066001D298C /* Products */,
			);
			sourceTree = "<group>";
		};
		550A6A051CE50066001D298C /* Products */ = {
			isa = PBXGroup;
			children = (
				550A6A041CE50066001D298C /* ToDoList.app */,
			);
			name = Products;
			sourceTree = "<group>";
		};
		550A6A061CE50066001D298C /* ToDoList */ = {
			isa = PBXGroup;
			children = (
				550A6A0A1CE50066001D298C /* AppDelegate.h */,
				550A6A0B1CE50066001D298C /* AppDelegate.m */,
				550A6A181CE50066001D298C /* Info.plist */,
				550A6A081CE50066001D298C /* main.m */,
			);
			path = ToDoList;
			sourceTree = "<group>";
		};
		550A6A1E1CE50236001D298C /* Resources */ = {
			isa = PBXGroup;
			children = (
				550A6A1F1CE50236001D298C /* Assets.xcassets */,
			);
			path = Resources;
			sourceTree = "<group>";
		};
		550A6A211CE50241001D298C /* Source */ = {
			isa = PBXGroup;
			children = (
				550A6ADA1CE503A2001D298C /* UI */,
				550A6AD91CE503A2001D298C /* Models */,
				550A6A221CE503A1001D298C /* Library */,
			);
			path = Source;
			sourceTree = "<group>";
		};
		550A6A221CE503A1001D298C /* Library */ = {
			isa = PBXGroup;
			children = (
				550A6A231CE503A1001D298C /* Categories */,
				550A6A6E1CE503A1001D298C /* Classes */,
				550A6AC91CE503A2001D298C /* Functions */,
				550A6AD01CE503A2001D298C /* Macro */,
				550A6AD71CE503A2001D298C /* Protocols */,
			);
			path = Library;
			sourceTree = "<group>";
		};
		550A6A231CE503A1001D298C /* Categories */ = {
			isa = PBXGroup;
			children = (
				550A6A241CE503A1001D298C /* CGGeometry */,
				550A6A271CE503A1001D298C /* Core Data */,
				550A6A2D1CE503A1001D298C /* JSONRepresentation */,
				550A6A451CE503A1001D298C /* NSFileManager */,
				550A6A481CE503A1001D298C /* NSIndexPath */,
				550A6A4B1CE503A1001D298C /* NSNumber */,
				550A6A4E1CE503A1001D298C /* NSObject */,
				550A6A551CE503A1001D298C /* NSPathUtilities */,
				550A6A581CE503A1001D298C /* NSString */,
				550A6A5F1CE503A1001D298C /* NSURL */,
				550A6A651CE503A1001D298C /* UINib */,
				55EA68591CE65EE700642CC9 /* UIAlertController */,
				550A6A681CE503A1001D298C /* UITableView */,
				550A6A6B1CE503A1001D298C /* UIWindow */,
			);
			path = Categories;
			sourceTree = "<group>";
		};
		550A6A241CE503A1001D298C /* CGGeometry */ = {
			isa = PBXGroup;
			children = (
				550A6A251CE503A1001D298C /* CGGeometry+SAPExtensions.h */,
				550A6A261CE503A1001D298C /* CGGeometry+SAPExtensions.m */,
			);
			path = CGGeometry;
			sourceTree = "<group>";
		};
		550A6A271CE503A1001D298C /* Core Data */ = {
			isa = PBXGroup;
			children = (
				550A6A281CE503A1001D298C /* NSManagedObject */,
				550A6A2B1CE503A1001D298C /* NSManagedObjectContext */,
				550A6A2C1CE503A1001D298C /* NSManagedObjectID */,
			);
			path = "Core Data";
			sourceTree = "<group>";
		};
		550A6A281CE503A1001D298C /* NSManagedObject */ = {
			isa = PBXGroup;
			children = (
				550A6A291CE503A1001D298C /* NSManagedObject+SAPExtensions.h */,
				550A6A2A1CE503A1001D298C /* NSManagedObject+SAPExtensions.m */,
			);
			path = NSManagedObject;
			sourceTree = "<group>";
		};
		550A6A2B1CE503A1001D298C /* NSManagedObjectContext */ = {
			isa = PBXGroup;
			children = (
			);
			path = NSManagedObjectContext;
			sourceTree = "<group>";
		};
		550A6A2C1CE503A1001D298C /* NSManagedObjectID */ = {
			isa = PBXGroup;
			children = (
			);
			path = NSManagedObjectID;
			sourceTree = "<group>";
		};
		550A6A2D1CE503A1001D298C /* JSONRepresentation */ = {
			isa = PBXGroup;
			children = (
				550A6A2E1CE503A1001D298C /* SAPJSONArray */,
				550A6A311CE503A1001D298C /* SAPJSONDictionary */,
				550A6A341CE503A1001D298C /* SAPJSONNull */,
				550A6A371CE503A1001D298C /* SAPJSONNumber */,
				550A6A3A1CE503A1001D298C /* SAPJSONObject */,
				550A6A3D1CE503A1001D298C /* SAPJSONRepresentation.h */,
				550A6A3E1CE503A1001D298C /* SAPJSONRepresentationImports.h */,
				550A6A3F1CE503A1001D298C /* SAPJSONString */,
				550A6A421CE503A1001D298C /* SAPJSONURL */,
			);
			path = JSONRepresentation;
			sourceTree = "<group>";
		};
		550A6A2E1CE503A1001D298C /* SAPJSONArray */ = {
			isa = PBXGroup;
			children = (
				550A6A2F1CE503A1001D298C /* NSArray+SAPJSONArray.h */,
				550A6A301CE503A1001D298C /* NSArray+SAPJSONArray.m */,
			);
			path = SAPJSONArray;
			sourceTree = "<group>";
		};
		550A6A311CE503A1001D298C /* SAPJSONDictionary */ = {
			isa = PBXGroup;
			children = (
				550A6A321CE503A1001D298C /* NSDictionary+SAPJSONDictionary.h */,
				550A6A331CE503A1001D298C /* NSDictionary+SAPJSONDictionary.m */,
			);
			path = SAPJSONDictionary;
			sourceTree = "<group>";
		};
		550A6A341CE503A1001D298C /* SAPJSONNull */ = {
			isa = PBXGroup;
			children = (
				550A6A351CE503A1001D298C /* NSNull+SAPJSONNull.h */,
				550A6A361CE503A1001D298C /* NSNull+SAPJSONNull.m */,
			);
			path = SAPJSONNull;
			sourceTree = "<group>";
		};
		550A6A371CE503A1001D298C /* SAPJSONNumber */ = {
			isa = PBXGroup;
			children = (
				550A6A381CE503A1001D298C /* NSNumber+SAPJSONNumber.h */,
				550A6A391CE503A1001D298C /* NSNumber+SAPJSONNumber.m */,
			);
			path = SAPJSONNumber;
			sourceTree = "<group>";
		};
		550A6A3A1CE503A1001D298C /* SAPJSONObject */ = {
			isa = PBXGroup;
			children = (
				550A6A3B1CE503A1001D298C /* NSObject+SAPJSONObject.h */,
				550A6A3C1CE503A1001D298C /* NSObject+SAPJSONObject.m */,
			);
			path = SAPJSONObject;
			sourceTree = "<group>";
		};
		550A6A3F1CE503A1001D298C /* SAPJSONString */ = {
			isa = PBXGroup;
			children = (
				550A6A401CE503A1001D298C /* NSString+SAPJSONString.h */,
				550A6A411CE503A1001D298C /* NSString+SAPJSONString.m */,
			);
			path = SAPJSONString;
			sourceTree = "<group>";
		};
		550A6A421CE503A1001D298C /* SAPJSONURL */ = {
			isa = PBXGroup;
			children = (
				550A6A431CE503A1001D298C /* NSURL+SAPJSONURL.h */,
				550A6A441CE503A1001D298C /* NSURL+SAPJSONURL.m */,
			);
			path = SAPJSONURL;
			sourceTree = "<group>";
		};
		550A6A451CE503A1001D298C /* NSFileManager */ = {
			isa = PBXGroup;
			children = (
				550A6A461CE503A1001D298C /* NSFileManager+SAPExtensions.h */,
				550A6A471CE503A1001D298C /* NSFilemanager+SAPExtensions.m */,
			);
			path = NSFileManager;
			sourceTree = "<group>";
		};
		550A6A481CE503A1001D298C /* NSIndexPath */ = {
			isa = PBXGroup;
			children = (
				550A6A491CE503A1001D298C /* NSIndexPath+SAPExtensions.h */,
				550A6A4A1CE503A1001D298C /* NSIndexPath+SAPExtensions.m */,
			);
			path = NSIndexPath;
			sourceTree = "<group>";
		};
		550A6A4B1CE503A1001D298C /* NSNumber */ = {
			isa = PBXGroup;
			children = (
				550A6A4C1CE503A1001D298C /* NSNumber+SAPExtentions.h */,
				550A6A4D1CE503A1001D298C /* NSNumber+SAPExtentions.m */,
			);
			path = NSNumber;
			sourceTree = "<group>";
		};
		550A6A4E1CE503A1001D298C /* NSObject */ = {
			isa = PBXGroup;
			children = (
				550A6A4F1CE503A1001D298C /* SAPAssociatedObjects */,
				550A6A521CE503A1001D298C /* SAPExtentions */,
			);
			path = NSObject;
			sourceTree = "<group>";
		};
		550A6A4F1CE503A1001D298C /* SAPAssociatedObjects */ = {
			isa = PBXGroup;
			children = (
				550A6A501CE503A1001D298C /* NSObject+SAPAssociatedObjects.h */,
				550A6A511CE503A1001D298C /* NSObject+SAPAssociatedObjects.m */,
			);
			path = SAPAssociatedObjects;
			sourceTree = "<group>";
		};
		550A6A521CE503A1001D298C /* SAPExtentions */ = {
			isa = PBXGroup;
			children = (
				550A6A531CE503A1001D298C /* NSObject+SAPExtensions.h */,
				550A6A541CE503A1001D298C /* NSObject+SAPExtensions.m */,
			);
			path = SAPExtentions;
			sourceTree = "<group>";
		};
		550A6A551CE503A1001D298C /* NSPathUtilities */ = {
			isa = PBXGroup;
			children = (
				550A6A561CE503A1001D298C /* NSPathUtilities+SAPExtensions.h */,
				550A6A571CE503A1001D298C /* NSPathUtilities+SAPExtensions.m */,
			);
			path = NSPathUtilities;
			sourceTree = "<group>";
		};
		550A6A581CE503A1001D298C /* NSString */ = {
			isa = PBXGroup;
			children = (
				550A6A591CE503A1001D298C /* IOPRandomName */,
				550A6A5C1CE503A1001D298C /* SAPExtensions */,
			);
			path = NSString;
			sourceTree = "<group>";
		};
		550A6A591CE503A1001D298C /* IOPRandomName */ = {
			isa = PBXGroup;
			children = (
				550A6A5A1CE503A1001D298C /* NSString+IOPRandomName.h */,
				550A6A5B1CE503A1001D298C /* NSString+IOPRandomName.m */,
			);
			path = IOPRandomName;
			sourceTree = "<group>";
		};
		550A6A5C1CE503A1001D298C /* SAPExtensions */ = {
			isa = PBXGroup;
			children = (
				550A6A5D1CE503A1001D298C /* NSString+SAPExtensions.h */,
				550A6A5E1CE503A1001D298C /* NSString+SAPExtensions.m */,
			);
			path = SAPExtensions;
			sourceTree = "<group>";
		};
		550A6A5F1CE503A1001D298C /* NSURL */ = {
			isa = PBXGroup;
			children = (
				550A6A601CE503A1001D298C /* NSURL+SAPExtensions.h */,
				550A6A611CE503A1001D298C /* NSURL+SAPExtensions.m */,
			);
			path = NSURL;
			sourceTree = "<group>";
		};
		550A6A651CE503A1001D298C /* UINib */ = {
			isa = PBXGroup;
			children = (
				550A6A661CE503A1001D298C /* UINib+SAPExtensions.h */,
				550A6A671CE503A1001D298C /* UINib+SAPExtensions.m */,
			);
			path = UINib;
			sourceTree = "<group>";
		};
		550A6A681CE503A1001D298C /* UITableView */ = {
			isa = PBXGroup;
			children = (
				550A6A691CE503A1001D298C /* UITableView+SAPExtensions.h */,
				550A6A6A1CE503A1001D298C /* UITableView+SAPExtensions.m */,
			);
			path = UITableView;
			sourceTree = "<group>";
		};
		550A6A6B1CE503A1001D298C /* UIWindow */ = {
			isa = PBXGroup;
			children = (
				550A6A6C1CE503A1001D298C /* UIWindow+SAPExtensions.h */,
				550A6A6D1CE503A1001D298C /* UIWindow+SAPExtensions.m */,
			);
			path = UIWindow;
			sourceTree = "<group>";
		};
		550A6A6E1CE503A1001D298C /* Classes */ = {
			isa = PBXGroup;
			children = (
				550A6A6F1CE503A1001D298C /* Contexts */,
				550A6A741CE503A1001D298C /* Core Data */,
				550A6A811CE503A1001D298C /* Models */,
				550A6AA31CE503A1001D298C /* SAPNumberGeneratorArray */,
				550A6AA61CE503A1001D298C /* SAPObjectCache */,
				550A6AA91CE503A1001D298C /* SAPObservableObject */,
				550A6AAD1CE503A1001D298C /* SAPReference */,
				550A6AB31CE503A1001D298C /* ViewControllers */,
				550A6ABA1CE503A1001D298C /* Views */,
			);
			path = Classes;
			sourceTree = "<group>";
		};
		550A6A6F1CE503A1001D298C /* Contexts */ = {
			isa = PBXGroup;
			children = (
				550A6A701CE503A1001D298C /* SAPContext */,
				550A6A731CE503A1001D298C /* SAPFacebookContext */,
			);
			path = Contexts;
			sourceTree = "<group>";
		};
		550A6A701CE503A1001D298C /* SAPContext */ = {
			isa = PBXGroup;
			children = (
				550A6A711CE503A1001D298C /* SAPContext.h */,
				550A6A721CE503A1001D298C /* SAPContext.m */,
			);
			path = SAPContext;
			sourceTree = "<group>";
		};
		550A6A731CE503A1001D298C /* SAPFacebookContext */ = {
			isa = PBXGroup;
			children = (
			);
			path = SAPFacebookContext;
			sourceTree = "<group>";
		};
		550A6A741CE503A1001D298C /* Core Data */ = {
			isa = PBXGroup;
			children = (
				550A6A751CE503A1001D298C /* SAPCoreDataArrayModel */,
				550A6A781CE503A1001D298C /* SAPCoreDataController */,
				550A6A7B1CE503A1001D298C /* SAPManagedObject */,
			);
			path = "Core Data";
			sourceTree = "<group>";
		};
		550A6A751CE503A1001D298C /* SAPCoreDataArrayModel */ = {
			isa = PBXGroup;
			children = (
				550A6A761CE503A1001D298C /* SAPCoreDataArrayModel.h */,
				550A6A771CE503A1001D298C /* SAPCoreDataArrayModel.m */,
			);
			path = SAPCoreDataArrayModel;
			sourceTree = "<group>";
		};
		550A6A781CE503A1001D298C /* SAPCoreDataController */ = {
			isa = PBXGroup;
			children = (
				550A6A791CE503A1001D298C /* SAPCoreDataController.h */,
				550A6A7A1CE503A1001D298C /* SAPCoreDataController.m */,
			);
			path = SAPCoreDataController;
			sourceTree = "<group>";
		};
		550A6A7B1CE503A1001D298C /* SAPManagedObject */ = {
			isa = PBXGroup;
			children = (
				550A6A7C1CE503A1001D298C /* SAPIdentifiableManagedObject */,
				550A6A7F1CE503A1001D298C /* SAPManagedObject.h */,
				550A6A801CE503A1001D298C /* SAPManagedObject.m */,
			);
			path = SAPManagedObject;
			sourceTree = "<group>";
		};
		550A6A7C1CE503A1001D298C /* SAPIdentifiableManagedObject */ = {
			isa = PBXGroup;
			children = (
				550A6A7D1CE503A1001D298C /* SAPIdentifiableManagedObject.h */,
				550A6A7E1CE503A1001D298C /* SAPIdentifiableManagedObject.m */,
			);
			path = SAPIdentifiableManagedObject;
			sourceTree = "<group>";
		};
		550A6A811CE503A1001D298C /* Models */ = {
			isa = PBXGroup;
			children = (
				550A6A821CE503A1001D298C /* SAPArrayModel */,
				550A6A921CE503A1001D298C /* SAPCollectionChangeModel */,
				550A6A9A1CE503A1001D298C /* SAPImageModel */,
				550A6A9D1CE503A1001D298C /* SAPModel */,
			);
			path = Models;
			sourceTree = "<group>";
		};
		550A6A821CE503A1001D298C /* SAPArrayModel */ = {
			isa = PBXGroup;
			children = (
				550A6A831CE503A1001D298C /* Private */,
				550A6A8E1CE503A1001D298C /* SAPArrayModel.h */,
				550A6A8F1CE503A1001D298C /* SAPArrayModel.m */,
				550A6A901CE503A1001D298C /* SAPCollectionChangeModel+SAPArrayModel.h */,
				550A6A911CE503A1001D298C /* SAPCollectionChangeModel+SAPArrayModel.m */,
			);
			path = SAPArrayModel;
			sourceTree = "<group>";
		};
		550A6A831CE503A1001D298C /* Private */ = {
			isa = PBXGroup;
			children = (
				550A6A841CE503A1001D298C /* SAPCollectionChangeDoubleIndexModel */,
				550A6A891CE503A1001D298C /* SAPCollectionChangeIndexModel */,
			);
			path = Private;
			sourceTree = "<group>";
		};
		550A6A841CE503A1001D298C /* SAPCollectionChangeDoubleIndexModel */ = {
			isa = PBXGroup;
			children = (
				550A6A851CE503A1001D298C /* SAPCollectionChangeDoubleIndexModel +UITableView.m */,
				550A6A861CE503A1001D298C /* SAPCollectionChangeDoubleIndexModel+UITableView.h */,
				550A6A871CE503A1001D298C /* SAPCollectionChangeDoubleIndexModel.h */,
				550A6A881CE503A1001D298C /* SAPCollectionChangeDoubleIndexModel.m */,
			);
			path = SAPCollectionChangeDoubleIndexModel;
			sourceTree = "<group>";
		};
		550A6A891CE503A1001D298C /* SAPCollectionChangeIndexModel */ = {
			isa = PBXGroup;
			children = (
				550A6A8A1CE503A1001D298C /* SAPCollectionChangeIndexModel+UITableView.h */,
				550A6A8B1CE503A1001D298C /* SAPCollectionChangeIndexModel+UITableView.m */,
				550A6A8C1CE503A1001D298C /* SAPCollectionChangeIndexModel.h */,
				550A6A8D1CE503A1001D298C /* SAPCollectionChangeIndexModel.m */,
			);
			path = SAPCollectionChangeIndexModel;
			sourceTree = "<group>";
		};
		550A6A921CE503A1001D298C /* SAPCollectionChangeModel */ = {
			isa = PBXGroup;
			children = (
				550A6A931CE503A1001D298C /* SAPCollectionChangeModel+UITableView.h */,
				550A6A941CE503A1001D298C /* SAPCollectionChangeModel+UITableView.m */,
				550A6A951CE503A1001D298C /* SAPCollectionChangeModel.h */,
				550A6A961CE503A1001D298C /* SAPCollectionChangeModel.m */,
				550A6A971CE503A1001D298C /* SAPCollectionObserver.h */,
				550A6A981CE503A1001D298C /* UITableView+SAPCollectionChangeModel.h */,
				550A6A991CE503A1001D298C /* UITableView+SAPCollectionChangeModel.m */,
			);
			path = SAPCollectionChangeModel;
			sourceTree = "<group>";
		};
		550A6A9A1CE503A1001D298C /* SAPImageModel */ = {
			isa = PBXGroup;
			children = (
				550A6A9B1CE503A1001D298C /* SAPImageModel.h */,
				550A6A9C1CE503A1001D298C /* SAPImageModel.m */,
			);
			path = SAPImageModel;
			sourceTree = "<group>";
		};
		550A6A9D1CE503A1001D298C /* SAPModel */ = {
			isa = PBXGroup;
			children = (
				550A6A9E1CE503A1001D298C /* SAPCacheableModel.h */,
				550A6A9F1CE503A1001D298C /* SAPModel.h */,
				550A6AA01CE503A1001D298C /* SAPModel.m */,
				550A6AA11CE503A1001D298C /* SAPModelObserver.h */,
				550A6AA21CE503A1001D298C /* SAPModelProtocol.h */,
			);
			path = SAPModel;
			sourceTree = "<group>";
		};
		550A6AA31CE503A1001D298C /* SAPNumberGeneratorArray */ = {
			isa = PBXGroup;
			children = (
				550A6AA41CE503A1001D298C /* SAPNumberGeneratorArray.h */,
				550A6AA51CE503A1001D298C /* SAPNumberGeneratorArray.m */,
			);
			path = SAPNumberGeneratorArray;
			sourceTree = "<group>";
		};
		550A6AA61CE503A1001D298C /* SAPObjectCache */ = {
			isa = PBXGroup;
			children = (
				550A6AA71CE503A1001D298C /* SAPObjectCache.h */,
				550A6AA81CE503A1001D298C /* SAPObjectCache.m */,
			);
			path = SAPObjectCache;
			sourceTree = "<group>";
		};
		550A6AA91CE503A1001D298C /* SAPObservableObject */ = {
			isa = PBXGroup;
			children = (
				550A6AAA1CE503A1001D298C /* SAPObservableObject.h */,
				550A6AAB1CE503A1001D298C /* SAPObservableObject.m */,
				550A6AAC1CE503A1001D298C /* SAPObservableObjectProtocol.h */,
			);
			path = SAPObservableObject;
			sourceTree = "<group>";
		};
		550A6AAD1CE503A1001D298C /* SAPReference */ = {
			isa = PBXGroup;
			children = (
				550A6AAE1CE503A1001D298C /* SAPAssignReference */,
				550A6AB11CE503A1001D298C /* SAPReference.h */,
				550A6AB21CE503A1001D298C /* SAPReference.m */,
			);
			path = SAPReference;
			sourceTree = "<group>";
		};
		550A6AAE1CE503A1001D298C /* SAPAssignReference */ = {
			isa = PBXGroup;
			children = (
				550A6AAF1CE503A1001D298C /* SAPAssignReference.h */,
				550A6AB01CE503A1001D298C /* SAPAssignReference.m */,
			);
			path = SAPAssignReference;
			sourceTree = "<group>";
		};
		550A6AB31CE503A1001D298C /* ViewControllers */ = {
			isa = PBXGroup;
			children = (
				550A6AB41CE503A1001D298C /* SAPArrayViewController */,
				550A6AB71CE503A1001D298C /* SAPViewController */,
			);
			path = ViewControllers;
			sourceTree = "<group>";
		};
		550A6AB41CE503A1001D298C /* SAPArrayViewController */ = {
			isa = PBXGroup;
			children = (
				550A6AB51CE503A1001D298C /* SAPArrayViewController.h */,
				550A6AB61CE503A1001D298C /* SAPArrayViewController.m */,
			);
			path = SAPArrayViewController;
			sourceTree = "<group>";
		};
		550A6AB71CE503A1001D298C /* SAPViewController */ = {
			isa = PBXGroup;
			children = (
				550A6AB81CE503A1001D298C /* SAPViewController.h */,
				550A6AB91CE503A1001D298C /* SAPViewController.m */,
			);
			path = SAPViewController;
			sourceTree = "<group>";
		};
		550A6ABA1CE503A1001D298C /* Views */ = {
			isa = PBXGroup;
			children = (
				550A6ABB1CE503A1001D298C /* SAPActivityIndicator */,
				550A6ABF1CE503A2001D298C /* SAPImageView */,
				550A6AC21CE503A2001D298C /* SAPTableViewCell */,
				550A6AC51CE503A2001D298C /* SAPView */,
			);
			path = Views;
			sourceTree = "<group>";
		};
		550A6ABB1CE503A1001D298C /* SAPActivityIndicator */ = {
			isa = PBXGroup;
			children = (
				550A6ABC1CE503A1001D298C /* SAPActivityIndicator.h */,
				550A6ABD1CE503A1001D298C /* SAPActivityIndicator.m */,
				550A6ABE1CE503A1001D298C /* SAPActivityIndicator.xib */,
			);
			path = SAPActivityIndicator;
			sourceTree = "<group>";
		};
		550A6ABF1CE503A2001D298C /* SAPImageView */ = {
			isa = PBXGroup;
			children = (
				550A6AC01CE503A2001D298C /* SAPImageView.h */,
				550A6AC11CE503A2001D298C /* SAPImageView.m */,
			);
			path = SAPImageView;
			sourceTree = "<group>";
		};
		550A6AC21CE503A2001D298C /* SAPTableViewCell */ = {
			isa = PBXGroup;
			children = (
				550A6AC31CE503A2001D298C /* SAPTableViewCell.h */,
				550A6AC41CE503A2001D298C /* SAPTableViewCell.m */,
			);
			path = SAPTableViewCell;
			sourceTree = "<group>";
		};
		550A6AC51CE503A2001D298C /* SAPView */ = {
			isa = PBXGroup;
			children = (
				550A6AC61CE503A2001D298C /* SAPLoadingView.h */,
				550A6AC71CE503A2001D298C /* SAPView.h */,
				550A6AC81CE503A2001D298C /* SAPView.m */,
			);
			path = SAPView;
			sourceTree = "<group>";
		};
		550A6AC91CE503A2001D298C /* Functions */ = {
			isa = PBXGroup;
			children = (
				550A6ACA1CE503A2001D298C /* SAPDispatch */,
				550A6ACD1CE503A2001D298C /* SAPSetters */,
			);
			path = Functions;
			sourceTree = "<group>";
		};
		550A6ACA1CE503A2001D298C /* SAPDispatch */ = {
			isa = PBXGroup;
			children = (
				550A6ACB1CE503A2001D298C /* SAPDispatch.h */,
				550A6ACC1CE503A2001D298C /* SAPDispatch.m */,
			);
			path = SAPDispatch;
			sourceTree = "<group>";
		};
		550A6ACD1CE503A2001D298C /* SAPSetters */ = {
			isa = PBXGroup;
			children = (
				550A6ACE1CE503A2001D298C /* SAPSetters.h */,
				550A6ACF1CE503A2001D298C /* SAPSetters.m */,
			);
			path = SAPSetters;
			sourceTree = "<group>";
		};
		550A6AD01CE503A2001D298C /* Macro */ = {
			isa = PBXGroup;
			children = (
				550A6AD11CE503A2001D298C /* SAPClangMacro.h */,
				550A6AD21CE503A2001D298C /* SAPContextSetterMacro.h */,
				550A6AD31CE503A2001D298C /* SAPDispatchOnceMacro.h */,
				550A6AD41CE503A2001D298C /* SAPNilToNSNullMacro.h */,
				550A6AD51CE503A2001D298C /* SAPOwnershipMacro.h */,
				550A6AD61CE503A2001D298C /* SAPViewControllerMacro.h */,
			);
			path = Macro;
			sourceTree = "<group>";
		};
		550A6AD71CE503A2001D298C /* Protocols */ = {
			isa = PBXGroup;
			children = (
				550A6AD81CE503A2001D298C /* SAPModelView.h */,
			);
			path = Protocols;
			sourceTree = "<group>";
		};
		550A6AD91CE503A2001D298C /* Models */ = {
			isa = PBXGroup;
			children = (
				55F19C411CE5D0F000F54D2D /* SAPActivity */,
				550A6B1F1CE50AA1001D298C /* ToDoList.xcdatamodeld */,
				550A6B301CE5207C001D298C /* SAPActivities */,
			);
			path = Models;
			sourceTree = "<group>";
		};
		550A6ADA1CE503A2001D298C /* UI */ = {
			isa = PBXGroup;
			children = (
				550A6B0F1CE50478001D298C /* SAPActivitiesViewController */,
				550A6B101CE50478001D298C /* SAPActivityViewController */,
			);
			path = UI;
			sourceTree = "<group>";
		};
		550A6B0F1CE50478001D298C /* SAPActivitiesViewController */ = {
			isa = PBXGroup;
			children = (
				55F19C291CE5B15100F54D2D /* Views */,
				550A6B171CE50895001D298C /* SAPActivitiesViewController.h */,
				550A6B181CE50895001D298C /* SAPActivitiesViewController.m */,
				550A6B191CE50895001D298C /* SAPActivitiesViewController.xib */,
			);
			path = SAPActivitiesViewController;
			sourceTree = "<group>";
		};
		550A6B101CE50478001D298C /* SAPActivityViewController */ = {
			isa = PBXGroup;
			children = (
				55EA687C1CE6925900642CC9 /* Views */,
				550A6B221CE50AE2001D298C /* SAPActivityViewController.h */,
				550A6B231CE50AE2001D298C /* SAPActivityViewController.m */,
				550A6B241CE50AE2001D298C /* SAPActivityViewController.xib */,
			);
			path = SAPActivityViewController;
			sourceTree = "<group>";
		};
		550A6B301CE5207C001D298C /* SAPActivities */ = {
			isa = PBXGroup;
			children = (
				550A6B311CE520B4001D298C /* SAPActivities.h */,
				550A6B321CE520B4001D298C /* SAPActivities.m */,
			);
			path = SAPActivities;
			sourceTree = "<group>";
		};
		55EA68591CE65EE700642CC9 /* UIAlertController */ = {
			isa = PBXGroup;
			children = (
				55EA685D1CE6687500642CC9 /* UIAlertController+SAPExtensions.h */,
				55EA685E1CE6687500642CC9 /* UIAlertController+SAPExtensions.m */,
			);
			path = UIAlertController;
			sourceTree = "<group>";
		};
		55EA687C1CE6925900642CC9 /* Views */ = {
			isa = PBXGroup;
			children = (
				55EA687D1CE6925900642CC9 /* SAPActivityView */,
				55EA68801CE6925900642CC9 /* SAPDateCell */,
				55EA68841CE6925A00642CC9 /* SAPNoteCell */,
				55EA68881CE6925A00642CC9 /* SAPTypeCell */,
			);
			path = Views;
			sourceTree = "<group>";
		};
		55EA687D1CE6925900642CC9 /* SAPActivityView */ = {
			isa = PBXGroup;
			children = (
				55EA687E1CE6925900642CC9 /* SAPActivityView.h */,
				55EA687F1CE6925900642CC9 /* SAPActivityView.m */,
			);
			path = SAPActivityView;
			sourceTree = "<group>";
		};
		55EA68801CE6925900642CC9 /* SAPDateCell */ = {
			isa = PBXGroup;
			children = (
				55EA68811CE6925A00642CC9 /* SAPDateCell.h */,
				55EA68821CE6925A00642CC9 /* SAPDateCell.m */,
				55EA68831CE6925A00642CC9 /* SAPDateCell.xib */,
			);
			path = SAPDateCell;
			sourceTree = "<group>";
		};
		55EA68841CE6925A00642CC9 /* SAPNoteCell */ = {
			isa = PBXGroup;
			children = (
				55EA68851CE6925A00642CC9 /* SAPNoteCell.h */,
				55EA68861CE6925A00642CC9 /* SAPNoteCell.m */,
				55EA68871CE6925A00642CC9 /* SAPNoteCell.xib */,
			);
			path = SAPNoteCell;
			sourceTree = "<group>";
		};
		55EA68881CE6925A00642CC9 /* SAPTypeCell */ = {
			isa = PBXGroup;
			children = (
				55EA68891CE6925A00642CC9 /* SAPTypeCell.h */,
				55EA688A1CE6925A00642CC9 /* SAPTypeCell.m */,
				55EA688B1CE6925A00642CC9 /* SAPTypeCell.xib */,
			);
			path = SAPTypeCell;
			sourceTree = "<group>";
		};
		55F19C291CE5B15100F54D2D /* Views */ = {
			isa = PBXGroup;
			children = (
				55F19C2A1CE5B15100F54D2D /* SAPActivitiesView */,
				55F19C2D1CE5B15100F54D2D /* SAPActivityCell */,
			);
			path = Views;
			sourceTree = "<group>";
		};
		55F19C2A1CE5B15100F54D2D /* SAPActivitiesView */ = {
			isa = PBXGroup;
			children = (
				55F19C2B1CE5B15100F54D2D /* SAPActivitiesView.h */,
				55F19C2C1CE5B15100F54D2D /* SAPActivitiesView.m */,
			);
			path = SAPActivitiesView;
			sourceTree = "<group>";
		};
		55F19C2D1CE5B15100F54D2D /* SAPActivityCell */ = {
			isa = PBXGroup;
			children = (
				55F19C341CE5B1D400F54D2D /* SAPActivityCell.h */,
				55F19C351CE5B1D400F54D2D /* SAPActivityCell.m */,
				55F19C361CE5B1D400F54D2D /* SAPActivityCell.xib */,
			);
			path = SAPActivityCell;
			sourceTree = "<group>";
		};
		55F19C411CE5D0F000F54D2D /* SAPActivity */ = {
			isa = PBXGroup;
			children = (
				55EA68661CE672F400642CC9 /* SAPActivity.h */,
				55EA68671CE672F400642CC9 /* SAPActivity.m */,
			);
			path = SAPActivity;
			sourceTree = "<group>";
		};
/* End PBXGroup section */

/* Begin PBXNativeTarget section */
		550A6A031CE50066001D298C /* ToDoList */ = {
			isa = PBXNativeTarget;
			buildConfigurationList = 550A6A1B1CE50066001D298C /* Build configuration list for PBXNativeTarget "ToDoList" */;
			buildPhases = (
				550A6A001CE50066001D298C /* Sources */,
				550A6A011CE50066001D298C /* Frameworks */,
				550A6A021CE50066001D298C /* Resources */,
			);
			buildRules = (
			);
			dependencies = (
			);
			name = ToDoList;
			productName = ToDoList;
			productReference = 550A6A041CE50066001D298C /* ToDoList.app */;
			productType = "com.apple.product-type.application";
		};
/* End PBXNativeTarget section */

/* Begin PBXProject section */
		550A69FC1CE50066001D298C /* Project object */ = {
			isa = PBXProject;
			attributes = {
				CLASSPREFIX = SAP;
				LastUpgradeCheck = 0730;
				ORGANIZATIONNAME = Andrey;
				TargetAttributes = {
					550A6A031CE50066001D298C = {
						CreatedOnToolsVersion = 7.3;
					};
				};
			};
			buildConfigurationList = 550A69FF1CE50066001D298C /* Build configuration list for PBXProject "ToDoList" */;
			compatibilityVersion = "Xcode 3.2";
			developmentRegion = English;
			hasScannedForEncodings = 0;
			knownRegions = (
				en,
				Base,
			);
			mainGroup = 550A69FB1CE50066001D298C;
			productRefGroup = 550A6A051CE50066001D298C /* Products */;
			projectDirPath = "";
			projectRoot = "";
			targets = (
				550A6A031CE50066001D298C /* ToDoList */,
			);
		};
/* End PBXProject section */

/* Begin PBXResourcesBuildPhase section */
		550A6A021CE50066001D298C /* Resources */ = {
			isa = PBXResourcesBuildPhase;
			buildActionMask = 2147483647;
			files = (
				550A6A201CE50236001D298C /* Assets.xcassets in Resources */,
				550A6B091CE503A2001D298C /* SAPActivityIndicator.xib in Resources */,
				550A6B261CE50AE2001D298C /* SAPActivityViewController.xib in Resources */,
				55EA688E1CE6925A00642CC9 /* SAPDateCell.xib in Resources */,
				55EA68901CE6925A00642CC9 /* SAPNoteCell.xib in Resources */,
				55F19C381CE5B1D400F54D2D /* SAPActivityCell.xib in Resources */,
				55EA68921CE6925A00642CC9 /* SAPTypeCell.xib in Resources */,
				550A6B1B1CE50895001D298C /* SAPActivitiesViewController.xib in Resources */,
			);
			runOnlyForDeploymentPostprocessing = 0;
		};
/* End PBXResourcesBuildPhase section */

/* Begin PBXSourcesBuildPhase section */
		550A6A001CE50066001D298C /* Sources */ = {
			isa = PBXSourcesBuildPhase;
			buildActionMask = 2147483647;
			files = (
				550A6B011CE503A2001D298C /* SAPNumberGeneratorArray.m in Sources */,
				550A6B0C1CE503A2001D298C /* SAPView.m in Sources */,
				550A6AF01CE503A2001D298C /* UIWindow+SAPExtensions.m in Sources */,
				550A6AEE1CE503A2001D298C /* UINib+SAPExtensions.m in Sources */,
				550A6ADB1CE503A2001D298C /* CGGeometry+SAPExtensions.m in Sources */,
				550A6ADD1CE503A2001D298C /* NSArray+SAPJSONArray.m in Sources */,
				550A6AFA1CE503A2001D298C /* SAPArrayModel.m in Sources */,
				550A6B051CE503A2001D298C /* SAPReference.m in Sources */,
				550A6B0D1CE503A2001D298C /* SAPDispatch.m in Sources */,
				55F19C2E1CE5B15100F54D2D /* SAPActivitiesView.m in Sources */,
				550A6B021CE503A2001D298C /* SAPObjectCache.m in Sources */,
				550A6AEA1CE503A2001D298C /* NSString+IOPRandomName.m in Sources */,
				55EA68681CE672F400642CC9 /* SAPActivity.m in Sources */,
				550A6A0C1CE50066001D298C /* AppDelegate.m in Sources */,
				55EA688F1CE6925A00642CC9 /* SAPNoteCell.m in Sources */,
				55F19C371CE5B1D400F54D2D /* SAPActivityCell.m in Sources */,
				550A6B0E1CE503A2001D298C /* SAPSetters.m in Sources */,
				550A6AE31CE503A2001D298C /* NSURL+SAPJSONURL.m in Sources */,
				550A6ADC1CE503A2001D298C /* NSManagedObject+SAPExtensions.m in Sources */,
				550A6AFB1CE503A2001D298C /* SAPCollectionChangeModel+SAPArrayModel.m in Sources */,
				550A6AF21CE503A2001D298C /* SAPCoreDataArrayModel.m in Sources */,
				550A6AF91CE503A2001D298C /* SAPCollectionChangeIndexModel.m in Sources */,
				550A6B031CE503A2001D298C /* SAPObservableObject.m in Sources */,
				550A6AFF1CE503A2001D298C /* SAPImageModel.m in Sources */,
				550A6AF11CE503A2001D298C /* SAPContext.m in Sources */,
				550A6AFD1CE503A2001D298C /* SAPCollectionChangeModel.m in Sources */,
				550A6ADE1CE503A2001D298C /* NSDictionary+SAPJSONDictionary.m in Sources */,
				550A6AE71CE503A2001D298C /* NSObject+SAPAssociatedObjects.m in Sources */,
				550A6B001CE503A2001D298C /* SAPModel.m in Sources */,
				550A6AE21CE503A2001D298C /* NSString+SAPJSONString.m in Sources */,
				550A6AE11CE503A2001D298C /* NSObject+SAPJSONObject.m in Sources */,
				550A6A091CE50066001D298C /* main.m in Sources */,
				550A6AEC1CE503A2001D298C /* NSURL+SAPExtensions.m in Sources */,
				550A6AF81CE503A2001D298C /* SAPCollectionChangeIndexModel+UITableView.m in Sources */,
				550A6AE81CE503A2001D298C /* NSObject+SAPExtensions.m in Sources */,
				550A6B1A1CE50895001D298C /* SAPActivitiesViewController.m in Sources */,
				550A6B0A1CE503A2001D298C /* SAPImageView.m in Sources */,
				550A6AE51CE503A2001D298C /* NSIndexPath+SAPExtensions.m in Sources */,
				550A6B071CE503A2001D298C /* SAPViewController.m in Sources */,
				550A6B081CE503A2001D298C /* SAPActivityIndicator.m in Sources */,
				55EA685F1CE6687500642CC9 /* UIAlertController+SAPExtensions.m in Sources */,
				550A6ADF1CE503A2001D298C /* NSNull+SAPJSONNull.m in Sources */,
				550A6B251CE50AE2001D298C /* SAPActivityViewController.m in Sources */,
				550A6AE91CE503A2001D298C /* NSPathUtilities+SAPExtensions.m in Sources */,
				550A6AF41CE503A2001D298C /* SAPIdentifiableManagedObject.m in Sources */,
				550A6AEF1CE503A2001D298C /* UITableView+SAPExtensions.m in Sources */,
				550A6AF61CE503A2001D298C /* SAPCollectionChangeDoubleIndexModel +UITableView.m in Sources */,
				550A6AE01CE503A2001D298C /* NSNumber+SAPJSONNumber.m in Sources */,
				550A6B331CE520B4001D298C /* SAPActivities.m in Sources */,
				550A6AF51CE503A2001D298C /* SAPManagedObject.m in Sources */,
				55EA688D1CE6925A00642CC9 /* SAPDateCell.m in Sources */,
				550A6AEB1CE503A2001D298C /* NSString+SAPExtensions.m in Sources */,
				550A6AF31CE503A2001D298C /* SAPCoreDataController.m in Sources */,
				550A6AFC1CE503A2001D298C /* SAPCollectionChangeModel+UITableView.m in Sources */,
				550A6B041CE503A2001D298C /* SAPAssignReference.m in Sources */,
				55EA68911CE6925A00642CC9 /* SAPTypeCell.m in Sources */,
				550A6AF71CE503A2001D298C /* SAPCollectionChangeDoubleIndexModel.m in Sources */,
				550A6AE41CE503A2001D298C /* NSFilemanager+SAPExtensions.m in Sources */,
				55EA688C1CE6925A00642CC9 /* SAPActivityView.m in Sources */,
				550A6B0B1CE503A2001D298C /* SAPTableViewCell.m in Sources */,
				550A6AFE1CE503A2001D298C /* UITableView+SAPCollectionChangeModel.m in Sources */,
				550A6AE61CE503A2001D298C /* NSNumber+SAPExtentions.m in Sources */,
				550A6B061CE503A2001D298C /* SAPArrayViewController.m in Sources */,
				550A6B211CE50AA1001D298C /* ToDoList.xcdatamodeld in Sources */,
			);
			runOnlyForDeploymentPostprocessing = 0;
		};
/* End PBXSourcesBuildPhase section */

/* Begin XCBuildConfiguration section */
		550A6A191CE50066001D298C /* Debug */ = {
			isa = XCBuildConfiguration;
			buildSettings = {
				ALWAYS_SEARCH_USER_PATHS = NO;
				CLANG_ANALYZER_NONNULL = YES;
				CLANG_CXX_LANGUAGE_STANDARD = "gnu++0x";
				CLANG_CXX_LIBRARY = "libc++";
				CLANG_ENABLE_MODULES = YES;
				CLANG_ENABLE_OBJC_ARC = YES;
				CLANG_WARN_BOOL_CONVERSION = YES;
				CLANG_WARN_CONSTANT_CONVERSION = YES;
				CLANG_WARN_DIRECT_OBJC_ISA_USAGE = YES_ERROR;
				CLANG_WARN_EMPTY_BODY = YES;
				CLANG_WARN_ENUM_CONVERSION = YES;
				CLANG_WARN_INT_CONVERSION = YES;
				CLANG_WARN_OBJC_ROOT_CLASS = YES_ERROR;
				CLANG_WARN_UNREACHABLE_CODE = YES;
				CLANG_WARN__DUPLICATE_METHOD_MATCH = YES;
				"CODE_SIGN_IDENTITY[sdk=iphoneos*]" = "iPhone Developer";
				COPY_PHASE_STRIP = NO;
				DEBUG_INFORMATION_FORMAT = dwarf;
				ENABLE_STRICT_OBJC_MSGSEND = YES;
				ENABLE_TESTABILITY = YES;
				GCC_C_LANGUAGE_STANDARD = gnu99;
				GCC_DYNAMIC_NO_PIC = NO;
				GCC_NO_COMMON_BLOCKS = YES;
				GCC_OPTIMIZATION_LEVEL = 0;
				GCC_PREPROCESSOR_DEFINITIONS = (
					"DEBUG=1",
					"$(inherited)",
				);
				GCC_WARN_64_TO_32_BIT_CONVERSION = YES;
				GCC_WARN_ABOUT_RETURN_TYPE = YES_ERROR;
				GCC_WARN_UNDECLARED_SELECTOR = YES;
				GCC_WARN_UNINITIALIZED_AUTOS = YES_AGGRESSIVE;
				GCC_WARN_UNUSED_FUNCTION = YES;
				GCC_WARN_UNUSED_VARIABLE = YES;
				IPHONEOS_DEPLOYMENT_TARGET = 9.3;
				MTL_ENABLE_DEBUG_INFO = YES;
				ONLY_ACTIVE_ARCH = YES;
				SDKROOT = iphoneos;
			};
			name = Debug;
		};
		550A6A1A1CE50066001D298C /* Release */ = {
			isa = XCBuildConfiguration;
			buildSettings = {
				ALWAYS_SEARCH_USER_PATHS = NO;
				CLANG_ANALYZER_NONNULL = YES;
				CLANG_CXX_LANGUAGE_STANDARD = "gnu++0x";
				CLANG_CXX_LIBRARY = "libc++";
				CLANG_ENABLE_MODULES = YES;
				CLANG_ENABLE_OBJC_ARC = YES;
				CLANG_WARN_BOOL_CONVERSION = YES;
				CLANG_WARN_CONSTANT_CONVERSION = YES;
				CLANG_WARN_DIRECT_OBJC_ISA_USAGE = YES_ERROR;
				CLANG_WARN_EMPTY_BODY = YES;
				CLANG_WARN_ENUM_CONVERSION = YES;
				CLANG_WARN_INT_CONVERSION = YES;
				CLANG_WARN_OBJC_ROOT_CLASS = YES_ERROR;
				CLANG_WARN_UNREACHABLE_CODE = YES;
				CLANG_WARN__DUPLICATE_METHOD_MATCH = YES;
				"CODE_SIGN_IDENTITY[sdk=iphoneos*]" = "iPhone Developer";
				COPY_PHASE_STRIP = NO;
				DEBUG_INFORMATION_FORMAT = "dwarf-with-dsym";
				ENABLE_NS_ASSERTIONS = NO;
				ENABLE_STRICT_OBJC_MSGSEND = YES;
				GCC_C_LANGUAGE_STANDARD = gnu99;
				GCC_NO_COMMON_BLOCKS = YES;
				GCC_WARN_64_TO_32_BIT_CONVERSION = YES;
				GCC_WARN_ABOUT_RETURN_TYPE = YES_ERROR;
				GCC_WARN_UNDECLARED_SELECTOR = YES;
				GCC_WARN_UNINITIALIZED_AUTOS = YES_AGGRESSIVE;
				GCC_WARN_UNUSED_FUNCTION = YES;
				GCC_WARN_UNUSED_VARIABLE = YES;
				IPHONEOS_DEPLOYMENT_TARGET = 9.3;
				MTL_ENABLE_DEBUG_INFO = NO;
				SDKROOT = iphoneos;
				VALIDATE_PRODUCT = YES;
			};
			name = Release;
		};
		550A6A1C1CE50066001D298C /* Debug */ = {
			isa = XCBuildConfiguration;
			buildSettings = {
				ASSETCATALOG_COMPILER_APPICON_NAME = AppIcon;
				INFOPLIST_FILE = ToDoList/Info.plist;
				LD_RUNPATH_SEARCH_PATHS = "$(inherited) @executable_path/Frameworks";
				PRODUCT_BUNDLE_IDENTIFIER = SAP.ToDoList;
				PRODUCT_NAME = "$(TARGET_NAME)";
			};
			name = Debug;
		};
		550A6A1D1CE50066001D298C /* Release */ = {
			isa = XCBuildConfiguration;
			buildSettings = {
				ASSETCATALOG_COMPILER_APPICON_NAME = AppIcon;
				INFOPLIST_FILE = ToDoList/Info.plist;
				LD_RUNPATH_SEARCH_PATHS = "$(inherited) @executable_path/Frameworks";
				PRODUCT_BUNDLE_IDENTIFIER = SAP.ToDoList;
				PRODUCT_NAME = "$(TARGET_NAME)";
			};
			name = Release;
		};
/* End XCBuildConfiguration section */

/* Begin XCConfigurationList section */
		550A69FF1CE50066001D298C /* Build configuration list for PBXProject "ToDoList" */ = {
			isa = XCConfigurationList;
			buildConfigurations = (
				550A6A191CE50066001D298C /* Debug */,
				550A6A1A1CE50066001D298C /* Release */,
			);
			defaultConfigurationIsVisible = 0;
			defaultConfigurationName = Release;
		};
		550A6A1B1CE50066001D298C /* Build configuration list for PBXNativeTarget "ToDoList" */ = {
			isa = XCConfigurationList;
			buildConfigurations = (
				550A6A1C1CE50066001D298C /* Debug */,
				550A6A1D1CE50066001D298C /* Release */,
			);
			defaultConfigurationIsVisible = 0;
			defaultConfigurationName = Release;
		};
/* End XCConfigurationList section */

/* Begin XCVersionGroup section */
		550A6B1F1CE50AA1001D298C /* ToDoList.xcdatamodeld */ = {
			isa = XCVersionGroup;
			children = (
				550A6B201CE50AA1001D298C /* ToDoList.xcdatamodel */,
			);
			currentVersion = 550A6B201CE50AA1001D298C /* ToDoList.xcdatamodel */;
			path = ToDoList.xcdatamodeld;
			sourceTree = "<group>";
			versionGroupType = wrapper.xcdatamodel;
		};
/* End XCVersionGroup section */
	};
	rootObject = 550A69FC1CE50066001D298C /* Project object */;
}
